
Microsoft Visual Studio Solution File, Format Version 12.00
# Visual Studio Version 16
VisualStudioVersion = 16.0.29306.81
MinimumVisualStudioVersion = 10.0.40219.1
Project("{2150E333-8FDC-42A3-9474-1A3956D46DE8}") = "RasterizerSamples", "RasterizerSamples", "{7E58F52B-BE4B-45C7-8B13-3EB108826A22}"
EndProject
Project("{2150E333-8FDC-42A3-9474-1A3956D46DE8}") = "GraphicFramework", "GraphicFramework", "{371010D8-6807-48A9-96E1-CAB7949C254F}"
EndProject
Project("{2150E333-8FDC-42A3-9474-1A3956D46DE8}") = "RaytracingSamples", "RaytracingSamples", "{86A8690C-A512-47DE-817D-0C45DF5450E2}"
EndProject
Project("{2150E333-8FDC-42A3-9474-1A3956D46DE8}") = "Resources", "Resources", "{C1FB10AC-55A6-493D-9F1E-532AA3E97167}"
EndProject
Project("{2150E333-8FDC-42A3-9474-1A3956D46DE8}") = "Textures", "Textures", "{C1ECDEBB-D4E3-47D4-B510-D1AD8A681E5B}"
	ProjectSection(SolutionItems) = preProject
		Resources\Textures\default.DDS = Resources\Textures\default.DDS
		Resources\Textures\default_normal.DDS = Resources\Textures\default_normal.DDS
		Resources\Textures\default_specular.DDS = Resources\Textures\default_specular.DDS
	EndProjectSection
EndProject
Project("{2150E333-8FDC-42A3-9474-1A3956D46DE8}") = "Models", "Models", "{ECF1A95B-118D-4ED3-B366-4AA306A275D8}"
EndProject
Project("{2150E333-8FDC-42A3-9474-1A3956D46DE8}") = "flower1_textures", "flower1_textures", "{CCD17F7E-88EC-4C2D-B5A8-90CFE5D29F58}"
	ProjectSection(SolutionItems) = preProject
		Resources\Textures\Models\flower1_textures\flower1_texture.dds = Resources\Textures\Models\flower1_textures\flower1_texture.dds
		Resources\Textures\Models\flower1_textures\flower1_texture_Nor.dds = Resources\Textures\Models\flower1_textures\flower1_texture_Nor.dds
		Resources\Textures\Models\flower1_textures\flower1_texture_Nor_5-8.dds = Resources\Textures\Models\flower1_textures\flower1_texture_Nor_5-8.dds
	EndProjectSection
EndProject
Project("{2150E333-8FDC-42A3-9474-1A3956D46DE8}") = "flower2_textures", "flower2_textures", "{08127DBD-BB48-4B55-A275-7C9826CDBD2C}"
	ProjectSection(SolutionItems) = preProject
		Resources\Textures\Models\flower2_textures\Azalea_Leaves_1_BaseColor.dds = Resources\Textures\Models\flower2_textures\Azalea_Leaves_1_BaseColor.dds
		Resources\Textures\Models\flower2_textures\Azalea_Leaves_1_Normal.dds = Resources\Textures\Models\flower2_textures\Azalea_Leaves_1_Normal.dds
		Resources\Textures\Models\flower2_textures\Azalea_Leaves_1_Specular.dds = Resources\Textures\Models\flower2_textures\Azalea_Leaves_1_Specular.dds
		Resources\Textures\Models\flower2_textures\Azalea_Leaves_2_BaseColor.dds = Resources\Textures\Models\flower2_textures\Azalea_Leaves_2_BaseColor.dds
		Resources\Textures\Models\flower2_textures\Azalea_Leaves_2_Normal.dds = Resources\Textures\Models\flower2_textures\Azalea_Leaves_2_Normal.dds
		Resources\Textures\Models\flower2_textures\Azalea_Leaves_2_Specular.dds = Resources\Textures\Models\flower2_textures\Azalea_Leaves_2_Specular.dds
		Resources\Textures\Models\flower2_textures\Cap_01_BaseColor.dds = Resources\Textures\Models\flower2_textures\Cap_01_BaseColor.dds
		Resources\Textures\Models\flower2_textures\Cap_01_Normal.dds = Resources\Textures\Models\flower2_textures\Cap_01_Normal.dds
		Resources\Textures\Models\flower2_textures\Cap_01_Specular.dds = Resources\Textures\Models\flower2_textures\Cap_01_Specular.dds
		Resources\Textures\Models\flower2_textures\FlowerStem_05_BaseColor.dds = Resources\Textures\Models\flower2_textures\FlowerStem_05_BaseColor.dds
		Resources\Textures\Models\flower2_textures\FlowerStem_05_Normal.dds = Resources\Textures\Models\flower2_textures\FlowerStem_05_Normal.dds
		Resources\Textures\Models\flower2_textures\FlowerStem_05_Specular.dds = Resources\Textures\Models\flower2_textures\FlowerStem_05_Specular.dds
		Resources\Textures\Models\flower2_textures\Pink_Flower_BaseColor.dds = Resources\Textures\Models\flower2_textures\Pink_Flower_BaseColor.dds
		Resources\Textures\Models\flower2_textures\Pink_Flower_Normal.dds = Resources\Textures\Models\flower2_textures\Pink_Flower_Normal.dds
		Resources\Textures\Models\flower2_textures\Pink_Flower_Specular.dds = Resources\Textures\Models\flower2_textures\Pink_Flower_Specular.dds
	EndProjectSection
EndProject
Project("{2150E333-8FDC-42A3-9474-1A3956D46DE8}") = "House_Textures", "House_Textures", "{1D4A42A6-7DA4-4A85-9C41-AE7DDA51F4F4}"
	ProjectSection(SolutionItems) = preProject
		Resources\Textures\Models\House_Textures\M_Arch_Inst_0_BaseColor.dds = Resources\Textures\Models\House_Textures\M_Arch_Inst_0_BaseColor.dds
		Resources\Textures\Models\House_Textures\M_Arch_Inst_0_Normal.dds = Resources\Textures\Models\House_Textures\M_Arch_Inst_0_Normal.dds
		Resources\Textures\Models\House_Textures\M_Arch_Inst_0_Specular.dds = Resources\Textures\Models\House_Textures\M_Arch_Inst_0_Specular.dds
		Resources\Textures\Models\House_Textures\M_Arch_Inst_Red_0_BaseColor.dds = Resources\Textures\Models\House_Textures\M_Arch_Inst_Red_0_BaseColor.dds
		Resources\Textures\Models\House_Textures\M_Arch_Inst_Red_0_Normal.dds = Resources\Textures\Models\House_Textures\M_Arch_Inst_Red_0_Normal.dds
		Resources\Textures\Models\House_Textures\M_Arch_Inst_Red_0_Specular.dds = Resources\Textures\Models\House_Textures\M_Arch_Inst_Red_0_Specular.dds
		Resources\Textures\Models\House_Textures\M_BottomTrim_Inst_0_BaseColor.dds = Resources\Textures\Models\House_Textures\M_BottomTrim_Inst_0_BaseColor.dds
		Resources\Textures\Models\House_Textures\M_BottomTrim_Inst_0_Normal.dds = Resources\Textures\Models\House_Textures\M_BottomTrim_Inst_0_Normal.dds
		Resources\Textures\Models\House_Textures\M_BottomTrim_Inst_0_Specular.dds = Resources\Textures\Models\House_Textures\M_BottomTrim_Inst_0_Specular.dds
		Resources\Textures\Models\House_Textures\M_BottomTrim_Inst_Black_0_BaseColor.dds = Resources\Textures\Models\House_Textures\M_BottomTrim_Inst_Black_0_BaseColor.dds
		Resources\Textures\Models\House_Textures\M_BottomTrim_Inst_Black_0_Normal.dds = Resources\Textures\Models\House_Textures\M_BottomTrim_Inst_Black_0_Normal.dds
		Resources\Textures\Models\House_Textures\M_BottomTrim_Inst_Black_0_Specular.dds = Resources\Textures\Models\House_Textures\M_BottomTrim_Inst_Black_0_Specular.dds
		Resources\Textures\Models\House_Textures\M_BottomTrim_Inst_UTile4_0_BaseColor.dds = Resources\Textures\Models\House_Textures\M_BottomTrim_Inst_UTile4_0_BaseColor.dds
		Resources\Textures\Models\House_Textures\M_BottomTrim_Inst_UTile4_0_Normal.dds = Resources\Textures\Models\House_Textures\M_BottomTrim_Inst_UTile4_0_Normal.dds
		Resources\Textures\Models\House_Textures\M_BottomTrim_Inst_UTile4_0_Specular.dds = Resources\Textures\Models\House_Textures\M_BottomTrim_Inst_UTile4_0_Specular.dds
		Resources\Textures\Models\House_Textures\M_Dome_2_0_BaseColor.dds = Resources\Textures\Models\House_Textures\M_Dome_2_0_BaseColor.dds
		Resources\Textures\Models\House_Textures\M_Dome_2_0_Normal.dds = Resources\Textures\Models\House_Textures\M_Dome_2_0_Normal.dds
		Resources\Textures\Models\House_Textures\M_Dome_2_0_Specular.dds = Resources\Textures\Models\House_Textures\M_Dome_2_0_Specular.dds
		Resources\Textures\Models\House_Textures\M_Dome_Inst_0_BaseColor.dds = Resources\Textures\Models\House_Textures\M_Dome_Inst_0_BaseColor.dds
		Resources\Textures\Models\House_Textures\M_Dome_Inst_0_Normal.dds = Resources\Textures\Models\House_Textures\M_Dome_Inst_0_Normal.dds
		Resources\Textures\Models\House_Textures\M_Dome_Inst_0_Specular.dds = Resources\Textures\Models\House_Textures\M_Dome_Inst_0_Specular.dds
		Resources\Textures\Models\House_Textures\M_FirePit_Inst_0_BaseColor.dds = Resources\Textures\Models\House_Textures\M_FirePit_Inst_0_BaseColor.dds
		Resources\Textures\Models\House_Textures\M_FirePit_Inst_0_Emissive.dds = Resources\Textures\Models\House_Textures\M_FirePit_Inst_0_Emissive.dds
		Resources\Textures\Models\House_Textures\M_FirePit_Inst_0_Normal.dds = Resources\Textures\Models\House_Textures\M_FirePit_Inst_0_Normal.dds
		Resources\Textures\Models\House_Textures\M_FirePit_Inst_0_Specular.dds = Resources\Textures\Models\House_Textures\M_FirePit_Inst_0_Specular.dds
		Resources\Textures\Models\House_Textures\M_FirePit_Inst_Glow_0_BaseColor.dds = Resources\Textures\Models\House_Textures\M_FirePit_Inst_Glow_0_BaseColor.dds
		Resources\Textures\Models\House_Textures\M_FirePit_Inst_Glow_0_Emissive.dds = Resources\Textures\Models\House_Textures\M_FirePit_Inst_Glow_0_Emissive.dds
		Resources\Textures\Models\House_Textures\M_FirePit_Inst_Glow_0_Normal.dds = Resources\Textures\Models\House_Textures\M_FirePit_Inst_Glow_0_Normal.dds
		Resources\Textures\Models\House_Textures\M_FirePit_Inst_Glow_0_Specular.dds = Resources\Textures\Models\House_Textures\M_FirePit_Inst_Glow_0_Specular.dds
		Resources\Textures\Models\House_Textures\M_FirePit_Inst_nofire_0_BaseColor.dds = Resources\Textures\Models\House_Textures\M_FirePit_Inst_nofire_0_BaseColor.dds
		Resources\Textures\Models\House_Textures\M_FirePit_Inst_nofire_0_Normal.dds = Resources\Textures\Models\House_Textures\M_FirePit_Inst_nofire_0_Normal.dds
		Resources\Textures\Models\House_Textures\M_FirePit_Inst_nofire_0_Specular.dds = Resources\Textures\Models\House_Textures\M_FirePit_Inst_nofire_0_Specular.dds
		Resources\Textures\Models\House_Textures\M_FloorTiles1_Inst_0_BaseColor.dds = Resources\Textures\Models\House_Textures\M_FloorTiles1_Inst_0_BaseColor.dds
		Resources\Textures\Models\House_Textures\M_FloorTiles1_Inst_0_Normal.dds = Resources\Textures\Models\House_Textures\M_FloorTiles1_Inst_0_Normal.dds
		Resources\Textures\Models\House_Textures\M_FloorTiles1_Inst_0_Specular.dds = Resources\Textures\Models\House_Textures\M_FloorTiles1_Inst_0_Specular.dds
		Resources\Textures\Models\House_Textures\M_FloorTiles1_Inst_Blue_0_BaseColor.dds = Resources\Textures\Models\House_Textures\M_FloorTiles1_Inst_Blue_0_BaseColor.dds
		Resources\Textures\Models\House_Textures\M_FloorTiles1_Inst_Blue_0_Normal.dds = Resources\Textures\Models\House_Textures\M_FloorTiles1_Inst_Blue_0_Normal.dds
		Resources\Textures\Models\House_Textures\M_FloorTiles1_Inst_Blue_0_Specular.dds = Resources\Textures\Models\House_Textures\M_FloorTiles1_Inst_Blue_0_Specular.dds
		Resources\Textures\Models\House_Textures\M_FloorTiles1_Inst_Inst2_0_BaseColor.dds = Resources\Textures\Models\House_Textures\M_FloorTiles1_Inst_Inst2_0_BaseColor.dds
		Resources\Textures\Models\House_Textures\M_FloorTiles1_Inst_Inst2_0_Normal.dds = Resources\Textures\Models\House_Textures\M_FloorTiles1_Inst_Inst2_0_Normal.dds
		Resources\Textures\Models\House_Textures\M_FloorTiles1_Inst_Inst2_0_Specular.dds = Resources\Textures\Models\House_Textures\M_FloorTiles1_Inst_Inst2_0_Specular.dds
		Resources\Textures\Models\House_Textures\M_FloorTiles2_Inst_REd_0_BaseColor.dds = Resources\Textures\Models\House_Textures\M_FloorTiles2_Inst_REd_0_BaseColor.dds
		Resources\Textures\Models\House_Textures\M_FloorTiles2_Inst_REd_0_Normal.dds = Resources\Textures\Models\House_Textures\M_FloorTiles2_Inst_REd_0_Normal.dds
		Resources\Textures\Models\House_Textures\M_FloorTiles2_Inst_REd_0_Specular.dds = Resources\Textures\Models\House_Textures\M_FloorTiles2_Inst_REd_0_Specular.dds
		Resources\Textures\Models\House_Textures\M_Pillar_Inst_0_BaseColor.dds = Resources\Textures\Models\House_Textures\M_Pillar_Inst_0_BaseColor.dds
		Resources\Textures\Models\House_Textures\M_Pillar_Inst_0_Normal.dds = Resources\Textures\Models\House_Textures\M_Pillar_Inst_0_Normal.dds
		Resources\Textures\Models\House_Textures\M_Pillar_Inst_0_Specular.dds = Resources\Textures\Models\House_Textures\M_Pillar_Inst_0_Specular.dds
		Resources\Textures\Models\House_Textures\M_Pillar_Inst_Colored_0_BaseColor.dds = Resources\Textures\Models\House_Textures\M_Pillar_Inst_Colored_0_BaseColor.dds
		Resources\Textures\Models\House_Textures\M_Pillar_Inst_Colored_0_Normal.dds = Resources\Textures\Models\House_Textures\M_Pillar_Inst_Colored_0_Normal.dds
		Resources\Textures\Models\House_Textures\M_Pillar_Inst_Colored_0_Specular.dds = Resources\Textures\Models\House_Textures\M_Pillar_Inst_Colored_0_Specular.dds
		Resources\Textures\Models\House_Textures\M_Railing_Inst_0_BaseColor.dds = Resources\Textures\Models\House_Textures\M_Railing_Inst_0_BaseColor.dds
		Resources\Textures\Models\House_Textures\M_Railing_Inst_0_Normal.dds = Resources\Textures\Models\House_Textures\M_Railing_Inst_0_Normal.dds
		Resources\Textures\Models\House_Textures\M_Railing_Inst_0_Specular.dds = Resources\Textures\Models\House_Textures\M_Railing_Inst_0_Specular.dds
		Resources\Textures\Models\House_Textures\M_Shield_Inst_0_BaseColor.dds = Resources\Textures\Models\House_Textures\M_Shield_Inst_0_BaseColor.dds
		Resources\Textures\Models\House_Textures\M_Shield_Inst_0_Normal.dds = Resources\Textures\Models\House_Textures\M_Shield_Inst_0_Normal.dds
		Resources\Textures\Models\House_Textures\M_Shield_Inst_0_Specular.dds = Resources\Textures\Models\House_Textures\M_Shield_Inst_0_Specular.dds
		Resources\Textures\Models\House_Textures\M_Stairs_Inst_0_BaseColor.dds = Resources\Textures\Models\House_Textures\M_Stairs_Inst_0_BaseColor.dds
		Resources\Textures\Models\House_Textures\M_Stairs_Inst_0_Normal.dds = Resources\Textures\Models\House_Textures\M_Stairs_Inst_0_Normal.dds
		Resources\Textures\Models\House_Textures\M_Stairs_Inst_0_Specular.dds = Resources\Textures\Models\House_Textures\M_Stairs_Inst_0_Specular.dds
		Resources\Textures\Models\House_Textures\M_Statue_Inst_0_BaseColor.dds = Resources\Textures\Models\House_Textures\M_Statue_Inst_0_BaseColor.dds
		Resources\Textures\Models\House_Textures\M_Statue_Inst_0_Normal.dds = Resources\Textures\Models\House_Textures\M_Statue_Inst_0_Normal.dds
		Resources\Textures\Models\House_Textures\M_Statue_Inst_0_Specular.dds = Resources\Textures\Models\House_Textures\M_Statue_Inst_0_Specular.dds
		Resources\Textures\Models\House_Textures\M_StoneBrickWall_Inst_0_BaseColor.dds = Resources\Textures\Models\House_Textures\M_StoneBrickWall_Inst_0_BaseColor.dds
		Resources\Textures\Models\House_Textures\M_StoneBrickWall_Inst_0_Normal.dds = Resources\Textures\Models\House_Textures\M_StoneBrickWall_Inst_0_Normal.dds
		Resources\Textures\Models\House_Textures\M_StoneBrickWall_Inst_0_Specular.dds = Resources\Textures\Models\House_Textures\M_StoneBrickWall_Inst_0_Specular.dds
		Resources\Textures\Models\House_Textures\M_StoneCeiling_Inst_0_BaseColor.dds = Resources\Textures\Models\House_Textures\M_StoneCeiling_Inst_0_BaseColor.dds
		Resources\Textures\Models\House_Textures\M_StoneCeiling_Inst_0_Normal.dds = Resources\Textures\Models\House_Textures\M_StoneCeiling_Inst_0_Normal.dds
		Resources\Textures\Models\House_Textures\M_StoneCeiling_Inst_0_Specular.dds = Resources\Textures\Models\House_Textures\M_StoneCeiling_Inst_0_Specular.dds
		Resources\Textures\Models\House_Textures\M_Trim_Inst_0_BaseColor.dds = Resources\Textures\Models\House_Textures\M_Trim_Inst_0_BaseColor.dds
		Resources\Textures\Models\House_Textures\M_Trim_Inst_0_Normal.dds = Resources\Textures\Models\House_Textures\M_Trim_Inst_0_Normal.dds
		Resources\Textures\Models\House_Textures\M_Trim_Inst_0_Specular.dds = Resources\Textures\Models\House_Textures\M_Trim_Inst_0_Specular.dds
		Resources\Textures\Models\House_Textures\M_Trim_Inst_Inst_0_BaseColor.dds = Resources\Textures\Models\House_Textures\M_Trim_Inst_Inst_0_BaseColor.dds
		Resources\Textures\Models\House_Textures\M_Trim_Inst_Inst_0_Normal.dds = Resources\Textures\Models\House_Textures\M_Trim_Inst_Inst_0_Normal.dds
		Resources\Textures\Models\House_Textures\M_Trim_Inst_Inst_0_Specular.dds = Resources\Textures\Models\House_Textures\M_Trim_Inst_Inst_0_Specular.dds
	EndProjectSection
EndProject
Project("{2150E333-8FDC-42A3-9474-1A3956D46DE8}") = "tree_textures", "tree_textures", "{45418ECE-B2F9-4714-A0D8-4A104288388D}"
	ProjectSection(SolutionItems) = preProject
		Resources\Textures\Models\tree_textures\M_Tree_Branches_Inst_0_BaseColor.dds = Resources\Textures\Models\tree_textures\M_Tree_Branches_Inst_0_BaseColor.dds
		Resources\Textures\Models\tree_textures\M_Tree_Branches_Inst_0_Emissive.dds = Resources\Textures\Models\tree_textures\M_Tree_Branches_Inst_0_Emissive.dds
		Resources\Textures\Models\tree_textures\M_Tree_Branches_Inst_0_Normal.dds = Resources\Textures\Models\tree_textures\M_Tree_Branches_Inst_0_Normal.dds
		Resources\Textures\Models\tree_textures\M_Tree_Branches_Inst_0_Specular.dds = Resources\Textures\Models\tree_textures\M_Tree_Branches_Inst_0_Specular.dds
		Resources\Textures\Models\tree_textures\M_TreeTrunk01_Inst_0_BaseColor.dds = Resources\Textures\Models\tree_textures\M_TreeTrunk01_Inst_0_BaseColor.dds
		Resources\Textures\Models\tree_textures\M_TreeTrunk01_Inst_0_Normal.dds = Resources\Textures\Models\tree_textures\M_TreeTrunk01_Inst_0_Normal.dds
		Resources\Textures\Models\tree_textures\M_TreeTrunk01_Inst_0_Specular.dds = Resources\Textures\Models\tree_textures\M_TreeTrunk01_Inst_0_Specular.dds
	EndProjectSection
EndProject
Project("{2150E333-8FDC-42A3-9474-1A3956D46DE8}") = "uaz_textures", "uaz_textures", "{4D4220B6-BAC3-48FB-9081-DF3499583746}"
	ProjectSection(SolutionItems) = preProject
		Resources\Textures\Models\uaz_textures\Uaz_A_Bottom_BaseColor.dds = Resources\Textures\Models\uaz_textures\Uaz_A_Bottom_BaseColor.dds
		Resources\Textures\Models\uaz_textures\Uaz_A_Bottom_Normal.dds = Resources\Textures\Models\uaz_textures\Uaz_A_Bottom_Normal.dds
		Resources\Textures\Models\uaz_textures\Uaz_A_Bottom_Specular.dds = Resources\Textures\Models\uaz_textures\Uaz_A_Bottom_Specular.dds
		Resources\Textures\Models\uaz_textures\Uaz_A_Exterior_BaseColor.dds = Resources\Textures\Models\uaz_textures\Uaz_A_Exterior_BaseColor.dds
		Resources\Textures\Models\uaz_textures\Uaz_A_Exterior_Normal.DDS = Resources\Textures\Models\uaz_textures\Uaz_A_Exterior_Normal.DDS
		Resources\Textures\Models\uaz_textures\Uaz_A_Exterior_Normal1.dds = Resources\Textures\Models\uaz_textures\Uaz_A_Exterior_Normal1.dds
		Resources\Textures\Models\uaz_textures\Uaz_A_Exterior_Specular.dds = Resources\Textures\Models\uaz_textures\Uaz_A_Exterior_Specular.dds
		Resources\Textures\Models\uaz_textures\Uaz_A_Exterior_Specular1.dds = Resources\Textures\Models\uaz_textures\Uaz_A_Exterior_Specular1.dds
		Resources\Textures\Models\uaz_textures\Uaz_A_Interior_BaseColor.dds = Resources\Textures\Models\uaz_textures\Uaz_A_Interior_BaseColor.dds
		Resources\Textures\Models\uaz_textures\Uaz_A_Interior_Normal.dds = Resources\Textures\Models\uaz_textures\Uaz_A_Interior_Normal.dds
		Resources\Textures\Models\uaz_textures\Uaz_A_Interior_Specular.dds = Resources\Textures\Models\uaz_textures\Uaz_A_Interior_Specular.dds
		Resources\Textures\Models\uaz_textures\Uaz_A_SoftTop_BaseColor.dds = Resources\Textures\Models\uaz_textures\Uaz_A_SoftTop_BaseColor.dds
		Resources\Textures\Models\uaz_textures\Uaz_A_SoftTop_Normal.dds = Resources\Textures\Models\uaz_textures\Uaz_A_SoftTop_Normal.dds
		Resources\Textures\Models\uaz_textures\Uaz_A_SoftTop_Specular.dds = Resources\Textures\Models\uaz_textures\Uaz_A_SoftTop_Specular.dds
	EndProjectSection
EndProject
Project("{2150E333-8FDC-42A3-9474-1A3956D46DE8}") = "city_textures", "city_textures", "{660463DB-EE63-4620-B6C6-0B8EA30B3991}"
	ProjectSection(SolutionItems) = preProject
		Resources\Textures\Models\city_textures\511_Awning_BlueBlack_BaseColor.dds = Resources\Textures\Models\city_textures\511_Awning_BlueBlack_BaseColor.dds
		Resources\Textures\Models\city_textures\511_Awning_BlueBlack_Normal.dds = Resources\Textures\Models\city_textures\511_Awning_BlueBlack_Normal.dds
		Resources\Textures\Models\city_textures\511_Awning_BlueBlack_Specular.dds = Resources\Textures\Models\city_textures\511_Awning_BlueBlack_Specular.dds
		Resources\Textures\Models\city_textures\511_Frames_BlueBlack_BaseColor.dds = Resources\Textures\Models\city_textures\511_Frames_BlueBlack_BaseColor.dds
		Resources\Textures\Models\city_textures\511_Frames_BlueBlack_Normal.dds = Resources\Textures\Models\city_textures\511_Frames_BlueBlack_Normal.dds
		Resources\Textures\Models\city_textures\511_Frames_BlueBlack_Specular.dds = Resources\Textures\Models\city_textures\511_Frames_BlueBlack_Specular.dds
		Resources\Textures\Models\city_textures\511_Struts_GrayBlue_BaseColor.dds = Resources\Textures\Models\city_textures\511_Struts_GrayBlue_BaseColor.dds
		Resources\Textures\Models\city_textures\511_Struts_GrayBlue_Normal.dds = Resources\Textures\Models\city_textures\511_Struts_GrayBlue_Normal.dds
		Resources\Textures\Models\city_textures\511_Struts_GrayBlue_Specular.dds = Resources\Textures\Models\city_textures\511_Struts_GrayBlue_Specular.dds
		Resources\Textures\Models\city_textures\arch_1f_BaseColor.dds = Resources\Textures\Models\city_textures\arch_1f_BaseColor.dds
		Resources\Textures\Models\city_textures\arch_1f_Normal.dds = Resources\Textures\Models\city_textures\arch_1f_Normal.dds
		Resources\Textures\Models\city_textures\arch_1f_Specular.dds = Resources\Textures\Models\city_textures\arch_1f_Specular.dds
		Resources\Textures\Models\city_textures\Arch_BaseColor.dds = Resources\Textures\Models\city_textures\Arch_BaseColor.dds
		Resources\Textures\Models\city_textures\arch_midlevel_door_BaseColor.dds = Resources\Textures\Models\city_textures\arch_midlevel_door_BaseColor.dds
		Resources\Textures\Models\city_textures\arch_midlevel_door_Normal.dds = Resources\Textures\Models\city_textures\arch_midlevel_door_Normal.dds
		Resources\Textures\Models\city_textures\arch_midlevel_door_Specular.dds = Resources\Textures\Models\city_textures\arch_midlevel_door_Specular.dds
		Resources\Textures\Models\city_textures\Arch_Normal.dds = Resources\Textures\Models\city_textures\Arch_Normal.dds
		Resources\Textures\Models\city_textures\Arch_Specular.dds = Resources\Textures\Models\city_textures\Arch_Specular.dds
		Resources\Textures\Models\city_textures\Banners1_BaseColor.dds = Resources\Textures\Models\city_textures\Banners1_BaseColor.dds
		Resources\Textures\Models\city_textures\Banners1_Normal.dds = Resources\Textures\Models\city_textures\Banners1_Normal.dds
		Resources\Textures\Models\city_textures\Banners1_Specular.dds = Resources\Textures\Models\city_textures\Banners1_Specular.dds
		Resources\Textures\Models\city_textures\Blue_BaseColor.dds = Resources\Textures\Models\city_textures\Blue_BaseColor.dds
		Resources\Textures\Models\city_textures\Blue_Normal.dds = Resources\Textures\Models\city_textures\Blue_Normal.dds
		Resources\Textures\Models\city_textures\Blue_Specular.dds = Resources\Textures\Models\city_textures\Blue_Specular.dds
		Resources\Textures\Models\city_textures\Chalkboard_Material_6_BaseColor.dds = Resources\Textures\Models\city_textures\Chalkboard_Material_6_BaseColor.dds
		Resources\Textures\Models\city_textures\Chalkboard_Material_6_Normal.dds = Resources\Textures\Models\city_textures\Chalkboard_Material_6_Normal.dds
		Resources\Textures\Models\city_textures\Chalkboard_Material_6_Specular.dds = Resources\Textures\Models\city_textures\Chalkboard_Material_6_Specular.dds
		Resources\Textures\Models\city_textures\Chalkboard_Sign_4_BaseColor.dds = Resources\Textures\Models\city_textures\Chalkboard_Sign_4_BaseColor.dds
		Resources\Textures\Models\city_textures\Chalkboard_Sign_4_Normal.dds = Resources\Textures\Models\city_textures\Chalkboard_Sign_4_Normal.dds
		Resources\Textures\Models\city_textures\Chalkboard_Sign_4_Specular.dds = Resources\Textures\Models\city_textures\Chalkboard_Sign_4_Specular.dds
		Resources\Textures\Models\city_textures\Falcor_Awning_BaseColor.dds = Resources\Textures\Models\city_textures\Falcor_Awning_BaseColor.dds
		Resources\Textures\Models\city_textures\Falcor_Awning_Normal.dds = Resources\Textures\Models\city_textures\Falcor_Awning_Normal.dds
		Resources\Textures\Models\city_textures\Falcor_Awning_Specular.dds = Resources\Textures\Models\city_textures\Falcor_Awning_Specular.dds
		Resources\Textures\Models\city_textures\Floor_BaseColor.dds = Resources\Textures\Models\city_textures\Floor_BaseColor.dds
		Resources\Textures\Models\city_textures\Floor_Normal.dds = Resources\Textures\Models\city_textures\Floor_Normal.dds
		Resources\Textures\Models\city_textures\Floor_Specular.dds = Resources\Textures\Models\city_textures\Floor_Specular.dds
		Resources\Textures\Models\city_textures\foliage_ground_cover_BaseColor.dds = Resources\Textures\Models\city_textures\foliage_ground_cover_BaseColor.dds
		Resources\Textures\Models\city_textures\foliage_ground_cover_Normal.dds = Resources\Textures\Models\city_textures\foliage_ground_cover_Normal.dds
		Resources\Textures\Models\city_textures\foliage_ground_cover_Specular.dds = Resources\Textures\Models\city_textures\foliage_ground_cover_Specular.dds
		Resources\Textures\Models\city_textures\frames_BaseColor.dds = Resources\Textures\Models\city_textures\frames_BaseColor.dds
		Resources\Textures\Models\city_textures\frames_Normal.dds = Resources\Textures\Models\city_textures\frames_Normal.dds
		Resources\Textures\Models\city_textures\frames_Specular.dds = Resources\Textures\Models\city_textures\frames_Specular.dds
		Resources\Textures\Models\city_textures\Generic_2_Frames_Trim_BaseColor.dds = Resources\Textures\Models\city_textures\Generic_2_Frames_Trim_BaseColor.dds
		Resources\Textures\Models\city_textures\Generic_2_Frames_Trim_Normal.dds = Resources\Textures\Models\city_textures\Generic_2_Frames_Trim_Normal.dds
		Resources\Textures\Models\city_textures\Generic_2_Frames_Trim_Specular.dds = Resources\Textures\Models\city_textures\Generic_2_Frames_Trim_Specular.dds
		Resources\Textures\Models\city_textures\Generic_2_Glass_Roof_Awning_Red_BaseColor.dds = Resources\Textures\Models\city_textures\Generic_2_Glass_Roof_Awning_Red_BaseColor.dds
		Resources\Textures\Models\city_textures\Generic_2_Glass_Roof_Awning_Red_Normal.dds = Resources\Textures\Models\city_textures\Generic_2_Glass_Roof_Awning_Red_Normal.dds
		Resources\Textures\Models\city_textures\Generic_2_Glass_Roof_Awning_Red_Specular.dds = Resources\Textures\Models\city_textures\Generic_2_Glass_Roof_Awning_Red_Specular.dds
		Resources\Textures\Models\city_textures\Generic_2_Struts_Red_BaseColor.dds = Resources\Textures\Models\city_textures\Generic_2_Struts_Red_BaseColor.dds
		Resources\Textures\Models\city_textures\Generic_2_Struts_Red_Normal.dds = Resources\Textures\Models\city_textures\Generic_2_Struts_Red_Normal.dds
		Resources\Textures\Models\city_textures\Generic_2_Struts_Red_Specular.dds = Resources\Textures\Models\city_textures\Generic_2_Struts_Red_Specular.dds
		Resources\Textures\Models\city_textures\glass_BaseColor.dds = Resources\Textures\Models\city_textures\glass_BaseColor.dds
		Resources\Textures\Models\city_textures\glass_Normal.dds = Resources\Textures\Models\city_textures\glass_Normal.dds
		Resources\Textures\Models\city_textures\Glass_Signs_BaseColor.dds = Resources\Textures\Models\city_textures\Glass_Signs_BaseColor.dds
		Resources\Textures\Models\city_textures\Glass_Signs_Normal.dds = Resources\Textures\Models\city_textures\Glass_Signs_Normal.dds
		Resources\Textures\Models\city_textures\Glass_Signs_Specular.dds = Resources\Textures\Models\city_textures\Glass_Signs_Specular.dds
		Resources\Textures\Models\city_textures\glass_Specular.dds = Resources\Textures\Models\city_textures\glass_Specular.dds
		Resources\Textures\Models\city_textures\Green_BaseColor.dds = Resources\Textures\Models\city_textures\Green_BaseColor.dds
		Resources\Textures\Models\city_textures\Green_Normal.dds = Resources\Textures\Models\city_textures\Green_Normal.dds
		Resources\Textures\Models\city_textures\Green_Specular.dds = Resources\Textures\Models\city_textures\Green_Specular.dds
		Resources\Textures\Models\city_textures\hotel_arch_BaseColor.dds = Resources\Textures\Models\city_textures\hotel_arch_BaseColor.dds
		Resources\Textures\Models\city_textures\hotel_arch_Normal.dds = Resources\Textures\Models\city_textures\hotel_arch_Normal.dds
		Resources\Textures\Models\city_textures\hotel_arch_Specular.dds = Resources\Textures\Models\city_textures\hotel_arch_Specular.dds
		Resources\Textures\Models\city_textures\hotel_deco_awnings_BaseColor.dds = Resources\Textures\Models\city_textures\hotel_deco_awnings_BaseColor.dds
		Resources\Textures\Models\city_textures\hotel_deco_awnings_Normal.dds = Resources\Textures\Models\city_textures\hotel_deco_awnings_Normal.dds
		Resources\Textures\Models\city_textures\hotel_deco_awnings_Specular.dds = Resources\Textures\Models\city_textures\hotel_deco_awnings_Specular.dds
		Resources\Textures\Models\city_textures\hotel_frames_BaseColor.dds = Resources\Textures\Models\city_textures\hotel_frames_BaseColor.dds
		Resources\Textures\Models\city_textures\hotel_frames_Normal.dds = Resources\Textures\Models\city_textures\hotel_frames_Normal.dds
		Resources\Textures\Models\city_textures\hotel_frames_Specular.dds = Resources\Textures\Models\city_textures\hotel_frames_Specular.dds
		Resources\Textures\Models\city_textures\hotel_moulding_BaseColor.dds = Resources\Textures\Models\city_textures\hotel_moulding_BaseColor.dds
		Resources\Textures\Models\city_textures\hotel_moulding_Normal.dds = Resources\Textures\Models\city_textures\hotel_moulding_Normal.dds
		Resources\Textures\Models\city_textures\hotel_moulding_Specular.dds = Resources\Textures\Models\city_textures\hotel_moulding_Specular.dds
		Resources\Textures\Models\city_textures\hotel_roof_BaseColor.dds = Resources\Textures\Models\city_textures\hotel_roof_BaseColor.dds
		Resources\Textures\Models\city_textures\hotel_roof_Normal.dds = Resources\Textures\Models\city_textures\hotel_roof_Normal.dds
		Resources\Textures\Models\city_textures\hotel_roof_Specular.dds = Resources\Textures\Models\city_textures\hotel_roof_Specular.dds
		Resources\Textures\Models\city_textures\hotel_windows_BaseColor.dds = Resources\Textures\Models\city_textures\hotel_windows_BaseColor.dds
		Resources\Textures\Models\city_textures\hotel_windows_Normal.dds = Resources\Textures\Models\city_textures\hotel_windows_Normal.dds
		Resources\Textures\Models\city_textures\hotel_windows_Specular.dds = Resources\Textures\Models\city_textures\hotel_windows_Specular.dds
		Resources\Textures\Models\city_textures\Hydrant_BaseColor.dds = Resources\Textures\Models\city_textures\Hydrant_BaseColor.dds
		Resources\Textures\Models\city_textures\Hydrant_Normal.dds = Resources\Textures\Models\city_textures\Hydrant_Normal.dds
		Resources\Textures\Models\city_textures\Hydrant_Specular.dds = Resources\Textures\Models\city_textures\Hydrant_Specular.dds
		Resources\Textures\Models\city_textures\Metal_Dividers_BaseColor.dds = Resources\Textures\Models\city_textures\Metal_Dividers_BaseColor.dds
		Resources\Textures\Models\city_textures\Metal_Dividers_Normal.dds = Resources\Textures\Models\city_textures\Metal_Dividers_Normal.dds
		Resources\Textures\Models\city_textures\Metal_Dividers_Specular.dds = Resources\Textures\Models\city_textures\Metal_Dividers_Specular.dds
		Resources\Textures\Models\city_textures\moulding_signs_BaseColor.dds = Resources\Textures\Models\city_textures\moulding_signs_BaseColor.dds
		Resources\Textures\Models\city_textures\moulding_signs_Normal.dds = Resources\Textures\Models\city_textures\moulding_signs_Normal.dds
		Resources\Textures\Models\city_textures\moulding_signs_Specular.dds = Resources\Textures\Models\city_textures\moulding_signs_Specular.dds
		Resources\Textures\Models\city_textures\ParkingMeter_BaseColor.dds = Resources\Textures\Models\city_textures\ParkingMeter_BaseColor.dds
		Resources\Textures\Models\city_textures\ParkingMeter_Normal.dds = Resources\Textures\Models\city_textures\ParkingMeter_Normal.dds
		Resources\Textures\Models\city_textures\ParkingMeter_Specular.dds = Resources\Textures\Models\city_textures\ParkingMeter_Specular.dds
		Resources\Textures\Models\city_textures\PoleBanner_1_BaseColor.dds = Resources\Textures\Models\city_textures\PoleBanner_1_BaseColor.dds
		Resources\Textures\Models\city_textures\PoleBanner_1_Normal.dds = Resources\Textures\Models\city_textures\PoleBanner_1_Normal.dds
		Resources\Textures\Models\city_textures\PoleBanner_1_Specular.dds = Resources\Textures\Models\city_textures\PoleBanner_1_Specular.dds
		Resources\Textures\Models\city_textures\Post_BaseColor.dds = Resources\Textures\Models\city_textures\Post_BaseColor.dds
		Resources\Textures\Models\city_textures\Post_Emissive.exr = Resources\Textures\Models\city_textures\Post_Emissive.exr
		Resources\Textures\Models\city_textures\Post_Normal.dds = Resources\Textures\Models\city_textures\Post_Normal.dds
		Resources\Textures\Models\city_textures\Post_Specular.dds = Resources\Textures\Models\city_textures\Post_Specular.dds
		Resources\Textures\Models\city_textures\Recycling_BaseColor.dds = Resources\Textures\Models\city_textures\Recycling_BaseColor.dds
		Resources\Textures\Models\city_textures\Recycling_Normal.dds = Resources\Textures\Models\city_textures\Recycling_Normal.dds
		Resources\Textures\Models\city_textures\Recycling_Specular.dds = Resources\Textures\Models\city_textures\Recycling_Specular.dds
		Resources\Textures\Models\city_textures\Red_BaseColor.dds = Resources\Textures\Models\city_textures\Red_BaseColor.dds
		Resources\Textures\Models\city_textures\Red_Normal.dds = Resources\Textures\Models\city_textures\Red_Normal.dds
		Resources\Textures\Models\city_textures\Red_Specular.dds = Resources\Textures\Models\city_textures\Red_Specular.dds
		Resources\Textures\Models\city_textures\Road_BaseColor.dds = Resources\Textures\Models\city_textures\Road_BaseColor.dds
		Resources\Textures\Models\city_textures\Road_Normal.dds = Resources\Textures\Models\city_textures\Road_Normal.dds
		Resources\Textures\Models\city_textures\Road_Specular.dds = Resources\Textures\Models\city_textures\Road_Specular.dds
		Resources\Textures\Models\city_textures\Roof_BaseColor.dds = Resources\Textures\Models\city_textures\Roof_BaseColor.dds
		Resources\Textures\Models\city_textures\Roof_Normal.dds = Resources\Textures\Models\city_textures\Roof_Normal.dds
		Resources\Textures\Models\city_textures\Roof_Specular.dds = Resources\Textures\Models\city_textures\Roof_Specular.dds
		Resources\Textures\Models\city_textures\Sheleg_1F_Concrete_BaseColor.dds = Resources\Textures\Models\city_textures\Sheleg_1F_Concrete_BaseColor.dds
		Resources\Textures\Models\city_textures\Sheleg_1F_Concrete_Normal.dds = Resources\Textures\Models\city_textures\Sheleg_1F_Concrete_Normal.dds
		Resources\Textures\Models\city_textures\Sheleg_1F_Concrete_Specular.dds = Resources\Textures\Models\city_textures\Sheleg_1F_Concrete_Specular.dds
		Resources\Textures\Models\city_textures\Sheleg_2F_Concrete_BaseColor.dds = Resources\Textures\Models\city_textures\Sheleg_2F_Concrete_BaseColor.dds
		Resources\Textures\Models\city_textures\Sheleg_2F_Concrete_Normal.dds = Resources\Textures\Models\city_textures\Sheleg_2F_Concrete_Normal.dds
		Resources\Textures\Models\city_textures\Sheleg_2F_Concrete_Specular.dds = Resources\Textures\Models\city_textures\Sheleg_2F_Concrete_Specular.dds
		Resources\Textures\Models\city_textures\Sheleg_Glass_Sign_BaseColor.dds = Resources\Textures\Models\city_textures\Sheleg_Glass_Sign_BaseColor.dds
		Resources\Textures\Models\city_textures\Sheleg_Glass_Sign_Normal.dds = Resources\Textures\Models\city_textures\Sheleg_Glass_Sign_Normal.dds
		Resources\Textures\Models\city_textures\Sheleg_Glass_Sign_Specular.dds = Resources\Textures\Models\city_textures\Sheleg_Glass_Sign_Specular.dds
		Resources\Textures\Models\city_textures\Sheleg_Trim_BaseColor.dds = Resources\Textures\Models\city_textures\Sheleg_Trim_BaseColor.dds
		Resources\Textures\Models\city_textures\Sheleg_Trim_Normal.dds = Resources\Textures\Models\city_textures\Sheleg_Trim_Normal.dds
		Resources\Textures\Models\city_textures\Sheleg_Trim_Specular.dds = Resources\Textures\Models\city_textures\Sheleg_Trim_Specular.dds
		Resources\Textures\Models\city_textures\Sheleg_Wood_Metal_BaseColor.dds = Resources\Textures\Models\city_textures\Sheleg_Wood_Metal_BaseColor.dds
		Resources\Textures\Models\city_textures\Sheleg_Wood_Metal_Normal.dds = Resources\Textures\Models\city_textures\Sheleg_Wood_Metal_Normal.dds
		Resources\Textures\Models\city_textures\Sheleg_Wood_Metal_Specular.dds = Resources\Textures\Models\city_textures\Sheleg_Wood_Metal_Specular.dds
		Resources\Textures\Models\city_textures\Sign_BaseColor.dds = Resources\Textures\Models\city_textures\Sign_BaseColor.dds
		Resources\Textures\Models\city_textures\Sign_Normal.dds = Resources\Textures\Models\city_textures\Sign_Normal.dds
		Resources\Textures\Models\city_textures\Sign_Specular.dds = Resources\Textures\Models\city_textures\Sign_Specular.dds
		Resources\Textures\Models\city_textures\Signal_BaseColor.dds = Resources\Textures\Models\city_textures\Signal_BaseColor.dds
		Resources\Textures\Models\city_textures\Signal_Emissive.exr = Resources\Textures\Models\city_textures\Signal_Emissive.exr
		Resources\Textures\Models\city_textures\Signal_Normal.dds = Resources\Textures\Models\city_textures\Signal_Normal.dds
		Resources\Textures\Models\city_textures\Signal_Specular.dds = Resources\Textures\Models\city_textures\Signal_Specular.dds
		Resources\Textures\Models\city_textures\StreetSigns_BaseColor.dds = Resources\Textures\Models\city_textures\StreetSigns_BaseColor.dds
		Resources\Textures\Models\city_textures\StreetSigns_Normal.dds = Resources\Textures\Models\city_textures\StreetSigns_Normal.dds
		Resources\Textures\Models\city_textures\StreetSigns_Specular.dds = Resources\Textures\Models\city_textures\StreetSigns_Specular.dds
		Resources\Textures\Models\city_textures\Tower_Moulding_Big_BaseColor.dds = Resources\Textures\Models\city_textures\Tower_Moulding_Big_BaseColor.dds
		Resources\Textures\Models\city_textures\Tower_Moulding_Big_Normal.dds = Resources\Textures\Models\city_textures\Tower_Moulding_Big_Normal.dds
		Resources\Textures\Models\city_textures\Tower_Moulding_Big_Specular.dds = Resources\Textures\Models\city_textures\Tower_Moulding_Big_Specular.dds
		Resources\Textures\Models\city_textures\Tower_Moulding_Observation_BaseColor.dds = Resources\Textures\Models\city_textures\Tower_Moulding_Observation_BaseColor.dds
		Resources\Textures\Models\city_textures\Tower_Moulding_Observation_Normal.dds = Resources\Textures\Models\city_textures\Tower_Moulding_Observation_Normal.dds
		Resources\Textures\Models\city_textures\Tower_Moulding_Observation_Specular.dds = Resources\Textures\Models\city_textures\Tower_Moulding_Observation_Specular.dds
		Resources\Textures\Models\city_textures\Tower_Moulding_Roof_BaseColor.dds = Resources\Textures\Models\city_textures\Tower_Moulding_Roof_BaseColor.dds
		Resources\Textures\Models\city_textures\Tower_Moulding_Roof_Normal.dds = Resources\Textures\Models\city_textures\Tower_Moulding_Roof_Normal.dds
		Resources\Textures\Models\city_textures\Tower_Moulding_Roof_Specular.dds = Resources\Textures\Models\city_textures\Tower_Moulding_Roof_Specular.dds
		Resources\Textures\Models\city_textures\Tower_Observation_Arch_BaseColor.dds = Resources\Textures\Models\city_textures\Tower_Observation_Arch_BaseColor.dds
		Resources\Textures\Models\city_textures\Tower_Observation_Arch_Normal.dds = Resources\Textures\Models\city_textures\Tower_Observation_Arch_Normal.dds
		Resources\Textures\Models\city_textures\Tower_Observation_Arch_Specular.dds = Resources\Textures\Models\city_textures\Tower_Observation_Arch_Specular.dds
		Resources\Textures\Models\city_textures\Tower_Railing_BaseColor.dds = Resources\Textures\Models\city_textures\Tower_Railing_BaseColor.dds
		Resources\Textures\Models\city_textures\Tower_Railing_Normal.dds = Resources\Textures\Models\city_textures\Tower_Railing_Normal.dds
		Resources\Textures\Models\city_textures\Tower_Railing_Specular.dds = Resources\Textures\Models\city_textures\Tower_Railing_Specular.dds
		Resources\Textures\Models\city_textures\Tower_Roof_BaseColor.dds = Resources\Textures\Models\city_textures\Tower_Roof_BaseColor.dds
		Resources\Textures\Models\city_textures\Tower_Roof_Normal.dds = Resources\Textures\Models\city_textures\Tower_Roof_Normal.dds
		Resources\Textures\Models\city_textures\Tower_Roof_Specular.dds = Resources\Textures\Models\city_textures\Tower_Roof_Specular.dds
		Resources\Textures\Models\city_textures\Tower_Top_BaseColor.dds = Resources\Textures\Models\city_textures\Tower_Top_BaseColor.dds
		Resources\Textures\Models\city_textures\Tower_Top_Normal.dds = Resources\Textures\Models\city_textures\Tower_Top_Normal.dds
		Resources\Textures\Models\city_textures\Tower_Top_Specular.dds = Resources\Textures\Models\city_textures\Tower_Top_Specular.dds
		Resources\Textures\Models\city_textures\Tower_Windows_Ball_BaseColor.dds = Resources\Textures\Models\city_textures\Tower_Windows_Ball_BaseColor.dds
		Resources\Textures\Models\city_textures\Tower_Windows_Ball_Normal.dds = Resources\Textures\Models\city_textures\Tower_Windows_Ball_Normal.dds
		Resources\Textures\Models\city_textures\Tower_Windows_Ball_Specular.dds = Resources\Textures\Models\city_textures\Tower_Windows_Ball_Specular.dds
		Resources\Textures\Models\city_textures\Trash_BaseColor.dds = Resources\Textures\Models\city_textures\Trash_BaseColor.dds
		Resources\Textures\Models\city_textures\Trash_Normal.dds = Resources\Textures\Models\city_textures\Trash_Normal.dds
		Resources\Textures\Models\city_textures\Trash_Specular.dds = Resources\Textures\Models\city_textures\Trash_Specular.dds
		Resources\Textures\Models\city_textures\WorldGridMaterial_BaseColor.dds = Resources\Textures\Models\city_textures\WorldGridMaterial_BaseColor.dds
		Resources\Textures\Models\city_textures\WorldGridMaterial_Normal.dds = Resources\Textures\Models\city_textures\WorldGridMaterial_Normal.dds
		Resources\Textures\Models\city_textures\WorldGridMaterial_Specular.dds = Resources\Textures\Models\city_textures\WorldGridMaterial_Specular.dds
	EndProjectSection
EndProject
Project("{2150E333-8FDC-42A3-9474-1A3956D46DE8}") = "car1_textures", "car1_textures", "{284BFCC5-0CED-4B83-9C12-45534EBFD5A1}"
	ProjectSection(SolutionItems) = preProject
		Resources\Textures\Models\car1_textures\Dacia_A_Exterior_BaseColor.dds = Resources\Textures\Models\car1_textures\Dacia_A_Exterior_BaseColor.dds
		Resources\Textures\Models\car1_textures\Dacia_A_Exterior_Normal.dds = Resources\Textures\Models\car1_textures\Dacia_A_Exterior_Normal.dds
		Resources\Textures\Models\car1_textures\Dacia_A_Exterior_Specular.dds = Resources\Textures\Models\car1_textures\Dacia_A_Exterior_Specular.dds
		Resources\Textures\Models\car1_textures\Dacia_A_Exterior_Specular1.dds = Resources\Textures\Models\car1_textures\Dacia_A_Exterior_Specular1.dds
		Resources\Textures\Models\car1_textures\Dacia_A_Interior_BaseColor.dds = Resources\Textures\Models\car1_textures\Dacia_A_Interior_BaseColor.dds
		Resources\Textures\Models\car1_textures\Dacia_A_Interior_Normal.dds = Resources\Textures\Models\car1_textures\Dacia_A_Interior_Normal.dds
		Resources\Textures\Models\car1_textures\Dacia_A_Interior_Specular.dds = Resources\Textures\Models\car1_textures\Dacia_A_Interior_Specular.dds
	EndProjectSection
EndProject
Project("{2150E333-8FDC-42A3-9474-1A3956D46DE8}") = "bus_textures", "bus_textures", "{96A493FD-8775-4F74-B76C-0FEBFCDC7086}"
	ProjectSection(SolutionItems) = preProject
		Resources\Textures\Models\bus_textures\Bus_Body_BaseColor.dds = Resources\Textures\Models\bus_textures\Bus_Body_BaseColor.dds
		Resources\Textures\Models\bus_textures\Bus_Body_Normal.dds = Resources\Textures\Models\bus_textures\Bus_Body_Normal.dds
		Resources\Textures\Models\bus_textures\Bus_Body_Specular.dds = Resources\Textures\Models\bus_textures\Bus_Body_Specular.dds
		Resources\Textures\Models\bus_textures\Bus_Etc_BaseColor.dds = Resources\Textures\Models\bus_textures\Bus_Etc_BaseColor.dds
		Resources\Textures\Models\bus_textures\Bus_Etc_Emissive.exr = Resources\Textures\Models\bus_textures\Bus_Etc_Emissive.exr
		Resources\Textures\Models\bus_textures\Bus_Etc_Normal.dds = Resources\Textures\Models\bus_textures\Bus_Etc_Normal.dds
		Resources\Textures\Models\bus_textures\Bus_Etc_Specular.dds = Resources\Textures\Models\bus_textures\Bus_Etc_Specular.dds
	EndProjectSection
EndProject
Project("{2150E333-8FDC-42A3-9474-1A3956D46DE8}") = "box_textures", "box_textures", "{4A82A472-F7D2-4093-AEDD-B19D04801B07}"
	ProjectSection(SolutionItems) = preProject
		Resources\Textures\Models\box_textures\Crate1_Cover_BaseColor.dds = Resources\Textures\Models\box_textures\Crate1_Cover_BaseColor.dds
		Resources\Textures\Models\box_textures\Crate1_Cover_Normal.dds = Resources\Textures\Models\box_textures\Crate1_Cover_Normal.dds
		Resources\Textures\Models\box_textures\Crate1_Cover_Specular.dds = Resources\Textures\Models\box_textures\Crate1_Cover_Specular.dds
		Resources\Textures\Models\box_textures\Crate1_Crate_BaseColor.dds = Resources\Textures\Models\box_textures\Crate1_Crate_BaseColor.dds
		Resources\Textures\Models\box_textures\Crate1_Crate_Normal.dds = Resources\Textures\Models\box_textures\Crate1_Crate_Normal.dds
		Resources\Textures\Models\box_textures\Crate1_Crate_Specular.dds = Resources\Textures\Models\box_textures\Crate1_Crate_Specular.dds
	EndProjectSection
EndProject
Project("{2150E333-8FDC-42A3-9474-1A3956D46DE8}") = "Grass", "Grass", "{75BA0B53-2CA5-4F46-8768-CD45C03CFA93}"
	ProjectSection(SolutionItems) = preProject
		Resources\Textures\Grass\albedo.dds = Resources\Textures\Grass\albedo.dds
		Resources\Textures\Grass\albedo1.dds = Resources\Textures\Grass\albedo1.dds
		Resources\Textures\Grass\albedo2.dds = Resources\Textures\Grass\albedo2.dds
		Resources\Textures\Grass\normal.dds = Resources\Textures\Grass\normal.dds
		Resources\Textures\Grass\specular.dds = Resources\Textures\Grass\specular.dds
		Resources\Textures\Grass\wind.dds = Resources\Textures\Grass\wind.dds
	EndProjectSection
EndProject
Project("{2150E333-8FDC-42A3-9474-1A3956D46DE8}") = "CubeMap", "CubeMap", "{E10FC01A-2CB7-440A-81E1-6FE3054ADB3F}"
	ProjectSection(SolutionItems) = preProject
		Resources\Textures\CubeMap\sky_cube.dds = Resources\Textures\CubeMap\sky_cube.dds
	EndProjectSection
EndProject
Project("{2150E333-8FDC-42A3-9474-1A3956D46DE8}") = "Models", "Models", "{83BF894E-0584-4549-87C4-8CC9617810C7}"
	ProjectSection(SolutionItems) = preProject
		Resources\Models\box.h3d = Resources\Models\box.h3d
		Resources\Models\bus.h3d = Resources\Models\bus.h3d
		Resources\Models\car1.h3d = Resources\Models\car1.h3d
		Resources\Models\city.h3d = Resources\Models\city.h3d
		Resources\Models\duck.h3d = Resources\Models\duck.h3d
		Resources\Models\flower1.h3d = Resources\Models\flower1.h3d
		Resources\Models\house.h3d = Resources\Models\house.h3d
		Resources\Models\room1.h3d = Resources\Models\room1.h3d
		Resources\Models\sphere.h3d = Resources\Models\sphere.h3d
		Resources\Models\tree.h3d = Resources\Models\tree.h3d
		Resources\Models\uaz.h3d = Resources\Models\uaz.h3d
	EndProjectSection
EndProject
Project("{2150E333-8FDC-42A3-9474-1A3956D46DE8}") = "Tools", "Tools", "{BF065FDD-5F11-467A-BB5F-F120C0EAFA0F}"
EndProject
Project("{8BC9CEB8-8B4A-11D0-8D11-00A0C91BC942}") = "D3D12_Framework", "RasterizerSamples\D3D12_Framework\D3D12_Framework.vcxproj", "{2916B830-9ADE-4628-8B34-F753B75E80D7}"
EndProject
Project("{8BC9CEB8-8B4A-11D0-8D11-00A0C91BC942}") = "DeferredModelView", "RasterizerSamples\DeferredModelView\DeferredModelView.vcxproj", "{BA027BC1-41E6-4295-84FB-D75C327214C2}"
EndProject
Project("{8BC9CEB8-8B4A-11D0-8D11-00A0C91BC942}") = "DeferredPbrModelView", "RasterizerSamples\DeferredPbrModelView\DeferredPbrModelView.vcxproj", "{BE43916A-1588-4CE8-93B8-EEB0FD08A4D0}"
EndProject
Project("{8BC9CEB8-8B4A-11D0-8D11-00A0C91BC942}") = "ModelViewer(SimpleSceneEditor)", "RasterizerSamples\ModelViewer\ModelViewer.vcxproj", "{B21CB5AA-E902-48CF-AE63-214ED3E1F4B7}"
EndProject
Project("{8BC9CEB8-8B4A-11D0-8D11-00A0C91BC942}") = "PbrModelViewer(Forward)", "RasterizerSamples\PbrModelViewer\PbrModelViewer.vcxproj", "{6CE8E39A-8C36-4A79-AE5C-1E4066CF096D}"
EndProject
Project("{8BC9CEB8-8B4A-11D0-8D11-00A0C91BC942}") = "SSAOTest(Use_GFSDF_HBAO_Plus)", "RasterizerSamples\SSAOTest\SSAOTest.vcxproj", "{5150D9B3-9400-4E94-8807-1B275981C291}"
EndProject
Project("{8BC9CEB8-8B4A-11D0-8D11-00A0C91BC942}") = "RayTracingAOGroundTruth_001(RasterizerGBuffer_Halton_Cosine)", "RaytracingSamples\RayTracingAO_001\RayTracingAO_001.vcxproj", "{86B956EB-9E20-406A-9F6E-7760B7049FB4}"
EndProject
Project("{8BC9CEB8-8B4A-11D0-8D11-00A0C91BC942}") = "RayTracingAOGroundTruth_001A(RasterizerGBuffer_HaltonOrMultiJitter)", "RaytracingSamples\RayTracingAO_002\RayTracingAO_002.vcxproj", "{8C16BE64-CB31-46E0-888C-04638C0ABDFC}"
EndProject
Project("{8BC9CEB8-8B4A-11D0-8D11-00A0C91BC942}") = "RayTracingAOGroundTruth_002(RaytracedGBuffer_MultiRaysPerPixel_SimpleHalton)", "RaytracingSamples\RayTracingAO_003\RayTracingAOGroundTruth_003.vcxproj", "{3955C88E-B22A-4533-ABCF-43A6F9F6A220}"
EndProject
Project("{8BC9CEB8-8B4A-11D0-8D11-00A0C91BC942}") = "TemporalRayTracingAO_001(SimpleAccumFrame_RaytracedGBuffer)", "RaytracingSamples\TemporalRayTracingAO_001\TemporalRayTracingAO_001.vcxproj", "{FA3DD44A-81AE-4F4E-AAC4-33B3918E343B}"
EndProject
Project("{8BC9CEB8-8B4A-11D0-8D11-00A0C91BC942}") = "TemporalRayTracingAO_008B(CrossroadDemo)", "RaytracingSamples\TemporalRayTracingAO_002\TemporalRayTracingAO_002.vcxproj", "{A6493908-722D-4D5E-ABCA-016D707D26E5}"
EndProject
Project("{8BC9CEB8-8B4A-11D0-8D11-00A0C91BC942}") = "ModelConverter", "GraphicFramework\Tools\ModelConverter\ModelConverter.vcxproj", "{044414FA-7DE4-40CC-84E9-B95602AAC63D}"
EndProject
Project("{8BC9CEB8-8B4A-11D0-8D11-00A0C91BC942}") = "Core", "GraphicFramework\Core\Core.vcxproj", "{58A2F502-79CC-44C2-A399-3D7C254692E9}"
EndProject
Project("{8BC9CEB8-8B4A-11D0-8D11-00A0C91BC942}") = "Effects", "GraphicFramework\Effects\Effects.vcxproj", "{DE1D4F7E-9B0A-4BB8-B543-B43F5D93079D}"
EndProject
Project("{8BC9CEB8-8B4A-11D0-8D11-00A0C91BC942}") = "RaytracingUtility", "GraphicFramework\RaytracingUtility\RaytracingUtility.vcxproj", "{38CC2B62-D06B-40EA-8F28-E65A5F53872B}"
EndProject
Global
	GlobalSection(SolutionConfigurationPlatforms) = preSolution
		Debug|x64 = Debug|x64
		Debug|x86 = Debug|x86
		Profile|x64 = Profile|x64
		Profile|x86 = Profile|x86
		Release|x64 = Release|x64
		Release|x86 = Release|x86
	EndGlobalSection
	GlobalSection(ProjectConfigurationPlatforms) = postSolution
		{2916B830-9ADE-4628-8B34-F753B75E80D7}.Debug|x64.ActiveCfg = Debug|x64
		{2916B830-9ADE-4628-8B34-F753B75E80D7}.Debug|x64.Build.0 = Debug|x64
		{2916B830-9ADE-4628-8B34-F753B75E80D7}.Debug|x86.ActiveCfg = Debug|Win32
		{2916B830-9ADE-4628-8B34-F753B75E80D7}.Debug|x86.Build.0 = Debug|Win32
		{2916B830-9ADE-4628-8B34-F753B75E80D7}.Profile|x64.ActiveCfg = Debug|x64
		{2916B830-9ADE-4628-8B34-F753B75E80D7}.Profile|x64.Build.0 = Debug|x64
		{2916B830-9ADE-4628-8B34-F753B75E80D7}.Profile|x86.ActiveCfg = Debug|Win32
		{2916B830-9ADE-4628-8B34-F753B75E80D7}.Profile|x86.Build.0 = Debug|Win32
		{2916B830-9ADE-4628-8B34-F753B75E80D7}.Release|x64.ActiveCfg = Release|x64
		{2916B830-9ADE-4628-8B34-F753B75E80D7}.Release|x64.Build.0 = Release|x64
		{2916B830-9ADE-4628-8B34-F753B75E80D7}.Release|x86.ActiveCfg = Release|Win32
		{2916B830-9ADE-4628-8B34-F753B75E80D7}.Release|x86.Build.0 = Release|Win32
		{BA027BC1-41E6-4295-84FB-D75C327214C2}.Debug|x64.ActiveCfg = Debug|x64
		{BA027BC1-41E6-4295-84FB-D75C327214C2}.Debug|x64.Build.0 = Debug|x64
		{BA027BC1-41E6-4295-84FB-D75C327214C2}.Debug|x86.ActiveCfg = Debug|Win32
		{BA027BC1-41E6-4295-84FB-D75C327214C2}.Debug|x86.Build.0 = Debug|Win32
		{BA027BC1-41E6-4295-84FB-D75C327214C2}.Profile|x64.ActiveCfg = Debug|x64
		{BA027BC1-41E6-4295-84FB-D75C327214C2}.Profile|x64.Build.0 = Debug|x64
		{BA027BC1-41E6-4295-84FB-D75C327214C2}.Profile|x86.ActiveCfg = Debug|Win32
		{BA027BC1-41E6-4295-84FB-D75C327214C2}.Profile|x86.Build.0 = Debug|Win32
		{BA027BC1-41E6-4295-84FB-D75C327214C2}.Release|x64.ActiveCfg = Release|x64
		{BA027BC1-41E6-4295-84FB-D75C327214C2}.Release|x64.Build.0 = Release|x64
		{BA027BC1-41E6-4295-84FB-D75C327214C2}.Release|x86.ActiveCfg = Release|Win32
		{BA027BC1-41E6-4295-84FB-D75C327214C2}.Release|x86.Build.0 = Release|Win32
		{BE43916A-1588-4CE8-93B8-EEB0FD08A4D0}.Debug|x64.ActiveCfg = Debug|x64
		{BE43916A-1588-4CE8-93B8-EEB0FD08A4D0}.Debug|x64.Build.0 = Debug|x64
		{BE43916A-1588-4CE8-93B8-EEB0FD08A4D0}.Debug|x86.ActiveCfg = Debug|Win32
		{BE43916A-1588-4CE8-93B8-EEB0FD08A4D0}.Debug|x86.Build.0 = Debug|Win32
		{BE43916A-1588-4CE8-93B8-EEB0FD08A4D0}.Profile|x64.ActiveCfg = Debug|x64
		{BE43916A-1588-4CE8-93B8-EEB0FD08A4D0}.Profile|x64.Build.0 = Debug|x64
		{BE43916A-1588-4CE8-93B8-EEB0FD08A4D0}.Profile|x86.ActiveCfg = Debug|Win32
		{BE43916A-1588-4CE8-93B8-EEB0FD08A4D0}.Profile|x86.Build.0 = Debug|Win32
		{BE43916A-1588-4CE8-93B8-EEB0FD08A4D0}.Release|x64.ActiveCfg = Release|x64
		{BE43916A-1588-4CE8-93B8-EEB0FD08A4D0}.Release|x64.Build.0 = Release|x64
		{BE43916A-1588-4CE8-93B8-EEB0FD08A4D0}.Release|x86.ActiveCfg = Release|Win32
		{BE43916A-1588-4CE8-93B8-EEB0FD08A4D0}.Release|x86.Build.0 = Release|Win32
		{B21CB5AA-E902-48CF-AE63-214ED3E1F4B7}.Debug|x64.ActiveCfg = Debug|x64
		{B21CB5AA-E902-48CF-AE63-214ED3E1F4B7}.Debug|x64.Build.0 = Debug|x64
		{B21CB5AA-E902-48CF-AE63-214ED3E1F4B7}.Debug|x86.ActiveCfg = Debug|Win32
		{B21CB5AA-E902-48CF-AE63-214ED3E1F4B7}.Debug|x86.Build.0 = Debug|Win32
		{B21CB5AA-E902-48CF-AE63-214ED3E1F4B7}.Profile|x64.ActiveCfg = Debug|x64
		{B21CB5AA-E902-48CF-AE63-214ED3E1F4B7}.Profile|x64.Build.0 = Debug|x64
		{B21CB5AA-E902-48CF-AE63-214ED3E1F4B7}.Profile|x86.ActiveCfg = Debug|Win32
		{B21CB5AA-E902-48CF-AE63-214ED3E1F4B7}.Profile|x86.Build.0 = Debug|Win32
		{B21CB5AA-E902-48CF-AE63-214ED3E1F4B7}.Release|x64.ActiveCfg = Release|x64
		{B21CB5AA-E902-48CF-AE63-214ED3E1F4B7}.Release|x64.Build.0 = Release|x64
		{B21CB5AA-E902-48CF-AE63-214ED3E1F4B7}.Release|x86.ActiveCfg = Release|Win32
		{B21CB5AA-E902-48CF-AE63-214ED3E1F4B7}.Release|x86.Build.0 = Release|Win32
		{6CE8E39A-8C36-4A79-AE5C-1E4066CF096D}.Debug|x64.ActiveCfg = Debug|x64
		{6CE8E39A-8C36-4A79-AE5C-1E4066CF096D}.Debug|x64.Build.0 = Debug|x64
		{6CE8E39A-8C36-4A79-AE5C-1E4066CF096D}.Debug|x86.ActiveCfg = Debug|Win32
		{6CE8E39A-8C36-4A79-AE5C-1E4066CF096D}.Debug|x86.Build.0 = Debug|Win32
		{6CE8E39A-8C36-4A79-AE5C-1E4066CF096D}.Profile|x64.ActiveCfg = Debug|x64
		{6CE8E39A-8C36-4A79-AE5C-1E4066CF096D}.Profile|x64.Build.0 = Debug|x64
		{6CE8E39A-8C36-4A79-AE5C-1E4066CF096D}.Profile|x86.ActiveCfg = Debug|Win32
		{6CE8E39A-8C36-4A79-AE5C-1E4066CF096D}.Profile|x86.Build.0 = Debug|Win32
		{6CE8E39A-8C36-4A79-AE5C-1E4066CF096D}.Release|x64.ActiveCfg = Release|x64
		{6CE8E39A-8C36-4A79-AE5C-1E4066CF096D}.Release|x64.Build.0 = Release|x64
		{6CE8E39A-8C36-4A79-AE5C-1E4066CF096D}.Release|x86.ActiveCfg = Release|Win32
		{6CE8E39A-8C36-4A79-AE5C-1E4066CF096D}.Release|x86.Build.0 = Release|Win32
		{5150D9B3-9400-4E94-8807-1B275981C291}.Debug|x64.ActiveCfg = Debug|x64
		{5150D9B3-9400-4E94-8807-1B275981C291}.Debug|x64.Build.0 = Debug|x64
		{5150D9B3-9400-4E94-8807-1B275981C291}.Debug|x86.ActiveCfg = Debug|Win32
		{5150D9B3-9400-4E94-8807-1B275981C291}.Debug|x86.Build.0 = Debug|Win32
		{5150D9B3-9400-4E94-8807-1B275981C291}.Profile|x64.ActiveCfg = Debug|x64
		{5150D9B3-9400-4E94-8807-1B275981C291}.Profile|x64.Build.0 = Debug|x64
		{5150D9B3-9400-4E94-8807-1B275981C291}.Profile|x86.ActiveCfg = Debug|Win32
		{5150D9B3-9400-4E94-8807-1B275981C291}.Profile|x86.Build.0 = Debug|Win32
		{5150D9B3-9400-4E94-8807-1B275981C291}.Release|x64.ActiveCfg = Release|x64
		{5150D9B3-9400-4E94-8807-1B275981C291}.Release|x64.Build.0 = Release|x64
		{5150D9B3-9400-4E94-8807-1B275981C291}.Release|x86.ActiveCfg = Release|Win32
		{5150D9B3-9400-4E94-8807-1B275981C291}.Release|x86.Build.0 = Release|Win32
		{86B956EB-9E20-406A-9F6E-7760B7049FB4}.Debug|x64.ActiveCfg = Debug|x64
		{86B956EB-9E20-406A-9F6E-7760B7049FB4}.Debug|x64.Build.0 = Debug|x64
		{86B956EB-9E20-406A-9F6E-7760B7049FB4}.Debug|x86.ActiveCfg = Debug|Win32
		{86B956EB-9E20-406A-9F6E-7760B7049FB4}.Debug|x86.Build.0 = Debug|Win32
		{86B956EB-9E20-406A-9F6E-7760B7049FB4}.Profile|x64.ActiveCfg = Debug|x64
		{86B956EB-9E20-406A-9F6E-7760B7049FB4}.Profile|x64.Build.0 = Debug|x64
		{86B956EB-9E20-406A-9F6E-7760B7049FB4}.Profile|x86.ActiveCfg = Debug|Win32
		{86B956EB-9E20-406A-9F6E-7760B7049FB4}.Profile|x86.Build.0 = Debug|Win32
		{86B956EB-9E20-406A-9F6E-7760B7049FB4}.Release|x64.ActiveCfg = Release|x64
		{86B956EB-9E20-406A-9F6E-7760B7049FB4}.Release|x64.Build.0 = Release|x64
		{86B956EB-9E20-406A-9F6E-7760B7049FB4}.Release|x86.ActiveCfg = Release|Win32
		{86B956EB-9E20-406A-9F6E-7760B7049FB4}.Release|x86.Build.0 = Release|Win32
		{8C16BE64-CB31-46E0-888C-04638C0ABDFC}.Debug|x64.ActiveCfg = Debug|x64
		{8C16BE64-CB31-46E0-888C-04638C0ABDFC}.Debug|x64.Build.0 = Debug|x64
		{8C16BE64-CB31-46E0-888C-04638C0ABDFC}.Debug|x86.ActiveCfg = Debug|Win32
		{8C16BE64-CB31-46E0-888C-04638C0ABDFC}.Debug|x86.Build.0 = Debug|Win32
		{8C16BE64-CB31-46E0-888C-04638C0ABDFC}.Profile|x64.ActiveCfg = Debug|x64
		{8C16BE64-CB31-46E0-888C-04638C0ABDFC}.Profile|x64.Build.0 = Debug|x64
		{8C16BE64-CB31-46E0-888C-04638C0ABDFC}.Profile|x86.ActiveCfg = Debug|Win32
		{8C16BE64-CB31-46E0-888C-04638C0ABDFC}.Profile|x86.Build.0 = Debug|Win32
		{8C16BE64-CB31-46E0-888C-04638C0ABDFC}.Release|x64.ActiveCfg = Release|x64
		{8C16BE64-CB31-46E0-888C-04638C0ABDFC}.Release|x64.Build.0 = Release|x64
		{8C16BE64-CB31-46E0-888C-04638C0ABDFC}.Release|x86.ActiveCfg = Release|Win32
		{8C16BE64-CB31-46E0-888C-04638C0ABDFC}.Release|x86.Build.0 = Release|Win32
		{3955C88E-B22A-4533-ABCF-43A6F9F6A220}.Debug|x64.ActiveCfg = Debug|x64
		{3955C88E-B22A-4533-ABCF-43A6F9F6A220}.Debug|x64.Build.0 = Debug|x64
		{3955C88E-B22A-4533-ABCF-43A6F9F6A220}.Debug|x86.ActiveCfg = Debug|Win32
		{3955C88E-B22A-4533-ABCF-43A6F9F6A220}.Debug|x86.Build.0 = Debug|Win32
		{3955C88E-B22A-4533-ABCF-43A6F9F6A220}.Profile|x64.ActiveCfg = Debug|x64
		{3955C88E-B22A-4533-ABCF-43A6F9F6A220}.Profile|x64.Build.0 = Debug|x64
		{3955C88E-B22A-4533-ABCF-43A6F9F6A220}.Profile|x86.ActiveCfg = Debug|Win32
		{3955C88E-B22A-4533-ABCF-43A6F9F6A220}.Profile|x86.Build.0 = Debug|Win32
		{3955C88E-B22A-4533-ABCF-43A6F9F6A220}.Release|x64.ActiveCfg = Release|x64
		{3955C88E-B22A-4533-ABCF-43A6F9F6A220}.Release|x64.Build.0 = Release|x64
		{3955C88E-B22A-4533-ABCF-43A6F9F6A220}.Release|x86.ActiveCfg = Release|Win32
		{3955C88E-B22A-4533-ABCF-43A6F9F6A220}.Release|x86.Build.0 = Release|Win32
		{FA3DD44A-81AE-4F4E-AAC4-33B3918E343B}.Debug|x64.ActiveCfg = Debug|x64
		{FA3DD44A-81AE-4F4E-AAC4-33B3918E343B}.Debug|x64.Build.0 = Debug|x64
		{FA3DD44A-81AE-4F4E-AAC4-33B3918E343B}.Debug|x86.ActiveCfg = Debug|Win32
		{FA3DD44A-81AE-4F4E-AAC4-33B3918E343B}.Debug|x86.Build.0 = Debug|Win32
		{FA3DD44A-81AE-4F4E-AAC4-33B3918E343B}.Profile|x64.ActiveCfg = Debug|x64
		{FA3DD44A-81AE-4F4E-AAC4-33B3918E343B}.Profile|x64.Build.0 = Debug|x64
		{FA3DD44A-81AE-4F4E-AAC4-33B3918E343B}.Profile|x86.ActiveCfg = Debug|Win32
		{FA3DD44A-81AE-4F4E-AAC4-33B3918E343B}.Profile|x86.Build.0 = Debug|Win32
		{FA3DD44A-81AE-4F4E-AAC4-33B3918E343B}.Release|x64.ActiveCfg = Release|x64
		{FA3DD44A-81AE-4F4E-AAC4-33B3918E343B}.Release|x64.Build.0 = Release|x64
		{FA3DD44A-81AE-4F4E-AAC4-33B3918E343B}.Release|x86.ActiveCfg = Release|Win32
		{FA3DD44A-81AE-4F4E-AAC4-33B3918E343B}.Release|x86.Build.0 = Release|Win32
		{A6493908-722D-4D5E-ABCA-016D707D26E5}.Debug|x64.ActiveCfg = Debug|x64
		{A6493908-722D-4D5E-ABCA-016D707D26E5}.Debug|x64.Build.0 = Debug|x64
		{A6493908-722D-4D5E-ABCA-016D707D26E5}.Debug|x86.ActiveCfg = Debug|Win32
		{A6493908-722D-4D5E-ABCA-016D707D26E5}.Debug|x86.Build.0 = Debug|Win32
		{A6493908-722D-4D5E-ABCA-016D707D26E5}.Profile|x64.ActiveCfg = Debug|x64
		{A6493908-722D-4D5E-ABCA-016D707D26E5}.Profile|x64.Build.0 = Debug|x64
		{A6493908-722D-4D5E-ABCA-016D707D26E5}.Profile|x86.ActiveCfg = Debug|Win32
		{A6493908-722D-4D5E-ABCA-016D707D26E5}.Profile|x86.Build.0 = Debug|Win32
		{A6493908-722D-4D5E-ABCA-016D707D26E5}.Release|x64.ActiveCfg = Release|x64
		{A6493908-722D-4D5E-ABCA-016D707D26E5}.Release|x64.Build.0 = Release|x64
		{A6493908-722D-4D5E-ABCA-016D707D26E5}.Release|x86.ActiveCfg = Release|Win32
		{A6493908-722D-4D5E-ABCA-016D707D26E5}.Release|x86.Build.0 = Release|Win32
		{044414FA-7DE4-40CC-84E9-B95602AAC63D}.Debug|x64.ActiveCfg = Debug|x64
		{044414FA-7DE4-40CC-84E9-B95602AAC63D}.Debug|x64.Build.0 = Debug|x64
		{044414FA-7DE4-40CC-84E9-B95602AAC63D}.Debug|x86.ActiveCfg = Debug|Win32
		{044414FA-7DE4-40CC-84E9-B95602AAC63D}.Debug|x86.Build.0 = Debug|Win32
		{044414FA-7DE4-40CC-84E9-B95602AAC63D}.Profile|x64.ActiveCfg = Debug|x64
		{044414FA-7DE4-40CC-84E9-B95602AAC63D}.Profile|x64.Build.0 = Debug|x64
		{044414FA-7DE4-40CC-84E9-B95602AAC63D}.Profile|x86.ActiveCfg = Debug|Win32
		{044414FA-7DE4-40CC-84E9-B95602AAC63D}.Profile|x86.Build.0 = Debug|Win32
		{044414FA-7DE4-40CC-84E9-B95602AAC63D}.Release|x64.ActiveCfg = Release|x64
		{044414FA-7DE4-40CC-84E9-B95602AAC63D}.Release|x64.Build.0 = Release|x64
		{044414FA-7DE4-40CC-84E9-B95602AAC63D}.Release|x86.ActiveCfg = Release|Win32
		{044414FA-7DE4-40CC-84E9-B95602AAC63D}.Release|x86.Build.0 = Release|Win32
		{58A2F502-79CC-44C2-A399-3D7C254692E9}.Debug|x64.ActiveCfg = Debug|x64
		{58A2F502-79CC-44C2-A399-3D7C254692E9}.Debug|x64.Build.0 = Debug|x64
		{58A2F502-79CC-44C2-A399-3D7C254692E9}.Debug|x86.ActiveCfg = Debug|Win32
		{58A2F502-79CC-44C2-A399-3D7C254692E9}.Debug|x86.Build.0 = Debug|Win32
		{58A2F502-79CC-44C2-A399-3D7C254692E9}.Profile|x64.ActiveCfg = Debug|x64
		{58A2F502-79CC-44C2-A399-3D7C254692E9}.Profile|x64.Build.0 = Debug|x64
		{58A2F502-79CC-44C2-A399-3D7C254692E9}.Profile|x86.ActiveCfg = Debug|Win32
		{58A2F502-79CC-44C2-A399-3D7C254692E9}.Profile|x86.Build.0 = Debug|Win32
		{58A2F502-79CC-44C2-A399-3D7C254692E9}.Release|x64.ActiveCfg = Release|x64
		{58A2F502-79CC-44C2-A399-3D7C254692E9}.Release|x64.Build.0 = Release|x64
		{58A2F502-79CC-44C2-A399-3D7C254692E9}.Release|x86.ActiveCfg = Release|Win32
		{58A2F502-79CC-44C2-A399-3D7C254692E9}.Release|x86.Build.0 = Release|Win32
		{DE1D4F7E-9B0A-4BB8-B543-B43F5D93079D}.Debug|x64.ActiveCfg = Debug|x64
		{DE1D4F7E-9B0A-4BB8-B543-B43F5D93079D}.Debug|x64.Build.0 = Debug|x64
		{DE1D4F7E-9B0A-4BB8-B543-B43F5D93079D}.Debug|x86.ActiveCfg = Debug|Win32
		{DE1D4F7E-9B0A-4BB8-B543-B43F5D93079D}.Debug|x86.Build.0 = Debug|Win32
		{DE1D4F7E-9B0A-4BB8-B543-B43F5D93079D}.Profile|x64.ActiveCfg = Debug|x64
		{DE1D4F7E-9B0A-4BB8-B543-B43F5D93079D}.Profile|x64.Build.0 = Debug|x64
		{DE1D4F7E-9B0A-4BB8-B543-B43F5D93079D}.Profile|x86.ActiveCfg = Debug|Win32
		{DE1D4F7E-9B0A-4BB8-B543-B43F5D93079D}.Profile|x86.Build.0 = Debug|Win32
		{DE1D4F7E-9B0A-4BB8-B543-B43F5D93079D}.Release|x64.ActiveCfg = Release|x64
		{DE1D4F7E-9B0A-4BB8-B543-B43F5D93079D}.Release|x64.Build.0 = Release|x64
		{DE1D4F7E-9B0A-4BB8-B543-B43F5D93079D}.Release|x86.ActiveCfg = Release|Win32
		{DE1D4F7E-9B0A-4BB8-B543-B43F5D93079D}.Release|x86.Build.0 = Release|Win32
		{38CC2B62-D06B-40EA-8F28-E65A5F53872B}.Debug|x64.ActiveCfg = Debug|x64
		{38CC2B62-D06B-40EA-8F28-E65A5F53872B}.Debug|x64.Build.0 = Debug|x64
		{38CC2B62-D06B-40EA-8F28-E65A5F53872B}.Debug|x86.ActiveCfg = Debug|Win32
		{38CC2B62-D06B-40EA-8F28-E65A5F53872B}.Debug|x86.Build.0 = Debug|Win32
		{38CC2B62-D06B-40EA-8F28-E65A5F53872B}.Profile|x64.ActiveCfg = Debug|x64
		{38CC2B62-D06B-40EA-8F28-E65A5F53872B}.Profile|x64.Build.0 = Debug|x64
		{38CC2B62-D06B-40EA-8F28-E65A5F53872B}.Profile|x86.ActiveCfg = Debug|Win32
		{38CC2B62-D06B-40EA-8F28-E65A5F53872B}.Profile|x86.Build.0 = Debug|Win32
		{38CC2B62-D06B-40EA-8F28-E65A5F53872B}.Release|x64.ActiveCfg = Release|x64
		{38CC2B62-D06B-40EA-8F28-E65A5F53872B}.Release|x64.Build.0 = Release|x64
		{38CC2B62-D06B-40EA-8F28-E65A5F53872B}.Release|x86.ActiveCfg = Release|Win32
		{38CC2B62-D06B-40EA-8F28-E65A5F53872B}.Release|x86.Build.0 = Release|Win32
	EndGlobalSection
	GlobalSection(SolutionProperties) = preSolution
		HideSolutionNode = FALSE
	EndGlobalSection
	GlobalSection(NestedProjects) = preSolution
		{C1ECDEBB-D4E3-47D4-B510-D1AD8A681E5B} = {C1FB10AC-55A6-493D-9F1E-532AA3E97167}
		{ECF1A95B-118D-4ED3-B366-4AA306A275D8} = {C1ECDEBB-D4E3-47D4-B510-D1AD8A681E5B}
		{CCD17F7E-88EC-4C2D-B5A8-90CFE5D29F58} = {ECF1A95B-118D-4ED3-B366-4AA306A275D8}
		{08127DBD-BB48-4B55-A275-7C9826CDBD2C} = {ECF1A95B-118D-4ED3-B366-4AA306A275D8}
		{1D4A42A6-7DA4-4A85-9C41-AE7DDA51F4F4} = {ECF1A95B-118D-4ED3-B366-4AA306A275D8}
		{45418ECE-B2F9-4714-A0D8-4A104288388D} = {ECF1A95B-118D-4ED3-B366-4AA306A275D8}
		{4D4220B6-BAC3-48FB-9081-DF3499583746} = {ECF1A95B-118D-4ED3-B366-4AA306A275D8}
		{660463DB-EE63-4620-B6C6-0B8EA30B3991} = {ECF1A95B-118D-4ED3-B366-4AA306A275D8}
		{284BFCC5-0CED-4B83-9C12-45534EBFD5A1} = {ECF1A95B-118D-4ED3-B366-4AA306A275D8}
		{96A493FD-8775-4F74-B76C-0FEBFCDC7086} = {ECF1A95B-118D-4ED3-B366-4AA306A275D8}
		{4A82A472-F7D2-4093-AEDD-B19D04801B07} = {ECF1A95B-118D-4ED3-B366-4AA306A275D8}
		{75BA0B53-2CA5-4F46-8768-CD45C03CFA93} = {C1ECDEBB-D4E3-47D4-B510-D1AD8A681E5B}
		{E10FC01A-2CB7-440A-81E1-6FE3054ADB3F} = {C1ECDEBB-D4E3-47D4-B510-D1AD8A681E5B}
		{83BF894E-0584-4549-87C4-8CC9617810C7} = {C1FB10AC-55A6-493D-9F1E-532AA3E97167}
		{BF065FDD-5F11-467A-BB5F-F120C0EAFA0F} = {371010D8-6807-48A9-96E1-CAB7949C254F}
		{2916B830-9ADE-4628-8B34-F753B75E80D7} = {7E58F52B-BE4B-45C7-8B13-3EB108826A22}
		{BA027BC1-41E6-4295-84FB-D75C327214C2} = {7E58F52B-BE4B-45C7-8B13-3EB108826A22}
		{BE43916A-1588-4CE8-93B8-EEB0FD08A4D0} = {7E58F52B-BE4B-45C7-8B13-3EB108826A22}
		{B21CB5AA-E902-48CF-AE63-214ED3E1F4B7} = {7E58F52B-BE4B-45C7-8B13-3EB108826A22}
		{6CE8E39A-8C36-4A79-AE5C-1E4066CF096D} = {7E58F52B-BE4B-45C7-8B13-3EB108826A22}
		{5150D9B3-9400-4E94-8807-1B275981C291} = {7E58F52B-BE4B-45C7-8B13-3EB108826A22}
		{86B956EB-9E20-406A-9F6E-7760B7049FB4} = {86A8690C-A512-47DE-817D-0C45DF5450E2}
		{8C16BE64-CB31-46E0-888C-04638C0ABDFC} = {86A8690C-A512-47DE-817D-0C45DF5450E2}
		{3955C88E-B22A-4533-ABCF-43A6F9F6A220} = {86A8690C-A512-47DE-817D-0C45DF5450E2}
		{FA3DD44A-81AE-4F4E-AAC4-33B3918E343B} = {86A8690C-A512-47DE-817D-0C45DF5450E2}
		{A6493908-722D-4D5E-ABCA-016D707D26E5} = {86A8690C-A512-47DE-817D-0C45DF5450E2}
		{044414FA-7DE4-40CC-84E9-B95602AAC63D} = {BF065FDD-5F11-467A-BB5F-F120C0EAFA0F}
		{58A2F502-79CC-44C2-A399-3D7C254692E9} = {371010D8-6807-48A9-96E1-CAB7949C254F}
		{DE1D4F7E-9B0A-4BB8-B543-B43F5D93079D} = {371010D8-6807-48A9-96E1-CAB7949C254F}
		{38CC2B62-D06B-40EA-8F28-E65A5F53872B} = {371010D8-6807-48A9-96E1-CAB7949C254F}
	EndGlobalSection
	GlobalSection(ExtensibilityGlobals) = postSolution
		SolutionGuid = {0717C97A-DEDC-4C9E-B8AD-006488DB893D}
	EndGlobalSection
EndGlobal
