
Microsoft Visual Studio Solution File, Format Version 12.00
# Visual Studio Version 16
VisualStudioVersion = 16.0.29306.81
MinimumVisualStudioVersion = 10.0.40219.1
Project("{2150E333-8FDC-42A3-9474-1A3956D46DE8}") = "RasterizerSamples", "RasterizerSamples", "{7E58F52B-BE4B-45C7-8B13-3EB108826A22}"
EndProject
Project("{2150E333-8FDC-42A3-9474-1A3956D46DE8}") = "GraphicFramework", "GraphicFramework", "{371010D8-6807-48A9-96E1-CAB7949C254F}"
EndProject
Project("{2150E333-8FDC-42A3-9474-1A3956D46DE8}") = "RaytracingSamples", "RaytracingSamples", "{86A8690C-A512-47DE-817D-0C45DF5450E2}"
EndProject
Project("{2150E333-8FDC-42A3-9474-1A3956D46DE8}") = "Tools", "Tools", "{BF065FDD-5F11-467A-BB5F-F120C0EAFA0F}"
EndProject
Project("{8BC9CEB8-8B4A-11D0-8D11-00A0C91BC942}") = "D3D12_Framework", "RasterizerSamples\D3D12_Framework\D3D12_Framework.vcxproj", "{2916B830-9ADE-4628-8B34-F753B75E80D7}"
EndProject
Project("{8BC9CEB8-8B4A-11D0-8D11-00A0C91BC942}") = "DeferredModelView", "RasterizerSamples\DeferredModelView\DeferredModelView.vcxproj", "{BA027BC1-41E6-4295-84FB-D75C327214C2}"
EndProject
Project("{8BC9CEB8-8B4A-11D0-8D11-00A0C91BC942}") = "DeferredPbrModelView", "RasterizerSamples\DeferredPbrModelView\DeferredPbrModelView.vcxproj", "{BE43916A-1588-4CE8-93B8-EEB0FD08A4D0}"
EndProject
Project("{8BC9CEB8-8B4A-11D0-8D11-00A0C91BC942}") = "ModelViewer(SimpleSceneEditor)", "RasterizerSamples\ModelViewer\ModelViewer.vcxproj", "{B21CB5AA-E902-48CF-AE63-214ED3E1F4B7}"
EndProject
Project("{8BC9CEB8-8B4A-11D0-8D11-00A0C91BC942}") = "PbrModelViewer", "RasterizerSamples\PbrModelViewer\PbrModelViewer.vcxproj", "{6CE8E39A-8C36-4A79-AE5C-1E4066CF096D}"
EndProject
Project("{8BC9CEB8-8B4A-11D0-8D11-00A0C91BC942}") = "SSAOTest(GFSDF_HBAO_Plus)", "RasterizerSamples\SSAOTest\SSAOTest.vcxproj", "{5150D9B3-9400-4E94-8807-1B275981C291}"
EndProject
Project("{8BC9CEB8-8B4A-11D0-8D11-00A0C91BC942}") = "RayTracingAO_001(RasterizerGBuffer_Halton_Cosine)", "RaytracingSamples\RayTracingAO_001\RayTracingAO_001.vcxproj", "{86B956EB-9E20-406A-9F6E-7760B7049FB4}"
EndProject
Project("{8BC9CEB8-8B4A-11D0-8D11-00A0C91BC942}") = "RayTracingAO_002(RasterizerGBuffer_HaltonOrMultiJitter)", "RaytracingSamples\RayTracingAO_002\RayTracingAO_002.vcxproj", "{8C16BE64-CB31-46E0-888C-04638C0ABDFC}"
EndProject
Project("{8BC9CEB8-8B4A-11D0-8D11-00A0C91BC942}") = "RayTracingAO_003(RaytracedGBuffer_MultiRaysPerPixel_SimpleHalton)", "RaytracingSamples\RayTracingAO_003\RayTracingAOGroundTruth_003.vcxproj", "{3955C88E-B22A-4533-ABCF-43A6F9F6A220}"
EndProject
Project("{8BC9CEB8-8B4A-11D0-8D11-00A0C91BC942}") = "TemporalRayTracingAO_001(SimpleAccumFrame_RaytracedGBuffer)", "RaytracingSamples\TemporalRayTracingAO_001\TemporalRayTracingAO_001.vcxproj", "{FA3DD44A-81AE-4F4E-AAC4-33B3918E343B}"
EndProject
Project("{8BC9CEB8-8B4A-11D0-8D11-00A0C91BC942}") = "TemporalRayTracingAO_002(CrossroadDemo)", "RaytracingSamples\TemporalRayTracingAO_002\TemporalRayTracingAO_002.vcxproj", "{A6493908-722D-4D5E-ABCA-016D707D26E5}"
EndProject
Project("{8BC9CEB8-8B4A-11D0-8D11-00A0C91BC942}") = "ModelConverter", "GraphicFramework\Tools\ModelConverter\ModelConverter.vcxproj", "{044414FA-7DE4-40CC-84E9-B95602AAC63D}"
EndProject
Project("{8BC9CEB8-8B4A-11D0-8D11-00A0C91BC942}") = "Core", "GraphicFramework\Core\Core.vcxproj", "{58A2F502-79CC-44C2-A399-3D7C254692E9}"
EndProject
Project("{8BC9CEB8-8B4A-11D0-8D11-00A0C91BC942}") = "Effects", "GraphicFramework\Effects\Effects.vcxproj", "{DE1D4F7E-9B0A-4BB8-B543-B43F5D93079D}"
EndProject
Project("{8BC9CEB8-8B4A-11D0-8D11-00A0C91BC942}") = "RaytracingUtility", "GraphicFramework\RaytracingUtility\RaytracingUtility.vcxproj", "{38CC2B62-D06B-40EA-8F28-E65A5F53872B}"
EndProject
Global
	GlobalSection(SolutionConfigurationPlatforms) = preSolution
		Debug|x64 = Debug|x64
		Debug|x86 = Debug|x86
		Profile|x64 = Profile|x64
		Profile|x86 = Profile|x86
		Release|x64 = Release|x64
		Release|x86 = Release|x86
	EndGlobalSection
	GlobalSection(ProjectConfigurationPlatforms) = postSolution
		{2916B830-9ADE-4628-8B34-F753B75E80D7}.Debug|x64.ActiveCfg = Debug|x64
		{2916B830-9ADE-4628-8B34-F753B75E80D7}.Debug|x64.Build.0 = Debug|x64
		{2916B830-9ADE-4628-8B34-F753B75E80D7}.Debug|x86.ActiveCfg = Debug|Win32
		{2916B830-9ADE-4628-8B34-F753B75E80D7}.Debug|x86.Build.0 = Debug|Win32
		{2916B830-9ADE-4628-8B34-F753B75E80D7}.Profile|x64.ActiveCfg = Debug|x64
		{2916B830-9ADE-4628-8B34-F753B75E80D7}.Profile|x64.Build.0 = Debug|x64
		{2916B830-9ADE-4628-8B34-F753B75E80D7}.Profile|x86.ActiveCfg = Debug|Win32
		{2916B830-9ADE-4628-8B34-F753B75E80D7}.Profile|x86.Build.0 = Debug|Win32
		{2916B830-9ADE-4628-8B34-F753B75E80D7}.Release|x64.ActiveCfg = Release|x64
		{2916B830-9ADE-4628-8B34-F753B75E80D7}.Release|x64.Build.0 = Release|x64
		{2916B830-9ADE-4628-8B34-F753B75E80D7}.Release|x86.ActiveCfg = Release|Win32
		{2916B830-9ADE-4628-8B34-F753B75E80D7}.Release|x86.Build.0 = Release|Win32
		{BA027BC1-41E6-4295-84FB-D75C327214C2}.Debug|x64.ActiveCfg = Debug|x64
		{BA027BC1-41E6-4295-84FB-D75C327214C2}.Debug|x64.Build.0 = Debug|x64
		{BA027BC1-41E6-4295-84FB-D75C327214C2}.Debug|x86.ActiveCfg = Debug|Win32
		{BA027BC1-41E6-4295-84FB-D75C327214C2}.Debug|x86.Build.0 = Debug|Win32
		{BA027BC1-41E6-4295-84FB-D75C327214C2}.Profile|x64.ActiveCfg = Debug|x64
		{BA027BC1-41E6-4295-84FB-D75C327214C2}.Profile|x64.Build.0 = Debug|x64
		{BA027BC1-41E6-4295-84FB-D75C327214C2}.Profile|x86.ActiveCfg = Debug|Win32
		{BA027BC1-41E6-4295-84FB-D75C327214C2}.Profile|x86.Build.0 = Debug|Win32
		{BA027BC1-41E6-4295-84FB-D75C327214C2}.Release|x64.ActiveCfg = Release|x64
		{BA027BC1-41E6-4295-84FB-D75C327214C2}.Release|x64.Build.0 = Release|x64
		{BA027BC1-41E6-4295-84FB-D75C327214C2}.Release|x86.ActiveCfg = Release|Win32
		{BA027BC1-41E6-4295-84FB-D75C327214C2}.Release|x86.Build.0 = Release|Win32
		{BE43916A-1588-4CE8-93B8-EEB0FD08A4D0}.Debug|x64.ActiveCfg = Debug|x64
		{BE43916A-1588-4CE8-93B8-EEB0FD08A4D0}.Debug|x64.Build.0 = Debug|x64
		{BE43916A-1588-4CE8-93B8-EEB0FD08A4D0}.Debug|x86.ActiveCfg = Debug|Win32
		{BE43916A-1588-4CE8-93B8-EEB0FD08A4D0}.Debug|x86.Build.0 = Debug|Win32
		{BE43916A-1588-4CE8-93B8-EEB0FD08A4D0}.Profile|x64.ActiveCfg = Debug|x64
		{BE43916A-1588-4CE8-93B8-EEB0FD08A4D0}.Profile|x64.Build.0 = Debug|x64
		{BE43916A-1588-4CE8-93B8-EEB0FD08A4D0}.Profile|x86.ActiveCfg = Debug|Win32
		{BE43916A-1588-4CE8-93B8-EEB0FD08A4D0}.Profile|x86.Build.0 = Debug|Win32
		{BE43916A-1588-4CE8-93B8-EEB0FD08A4D0}.Release|x64.ActiveCfg = Release|x64
		{BE43916A-1588-4CE8-93B8-EEB0FD08A4D0}.Release|x64.Build.0 = Release|x64
		{BE43916A-1588-4CE8-93B8-EEB0FD08A4D0}.Release|x86.ActiveCfg = Release|Win32
		{BE43916A-1588-4CE8-93B8-EEB0FD08A4D0}.Release|x86.Build.0 = Release|Win32
		{B21CB5AA-E902-48CF-AE63-214ED3E1F4B7}.Debug|x64.ActiveCfg = Debug|x64
		{B21CB5AA-E902-48CF-AE63-214ED3E1F4B7}.Debug|x64.Build.0 = Debug|x64
		{B21CB5AA-E902-48CF-AE63-214ED3E1F4B7}.Debug|x86.ActiveCfg = Debug|Win32
		{B21CB5AA-E902-48CF-AE63-214ED3E1F4B7}.Debug|x86.Build.0 = Debug|Win32
		{B21CB5AA-E902-48CF-AE63-214ED3E1F4B7}.Profile|x64.ActiveCfg = Debug|x64
		{B21CB5AA-E902-48CF-AE63-214ED3E1F4B7}.Profile|x64.Build.0 = Debug|x64
		{B21CB5AA-E902-48CF-AE63-214ED3E1F4B7}.Profile|x86.ActiveCfg = Debug|Win32
		{B21CB5AA-E902-48CF-AE63-214ED3E1F4B7}.Profile|x86.Build.0 = Debug|Win32
		{B21CB5AA-E902-48CF-AE63-214ED3E1F4B7}.Release|x64.ActiveCfg = Release|x64
		{B21CB5AA-E902-48CF-AE63-214ED3E1F4B7}.Release|x64.Build.0 = Release|x64
		{B21CB5AA-E902-48CF-AE63-214ED3E1F4B7}.Release|x86.ActiveCfg = Release|Win32
		{B21CB5AA-E902-48CF-AE63-214ED3E1F4B7}.Release|x86.Build.0 = Release|Win32
		{6CE8E39A-8C36-4A79-AE5C-1E4066CF096D}.Debug|x64.ActiveCfg = Debug|x64
		{6CE8E39A-8C36-4A79-AE5C-1E4066CF096D}.Debug|x64.Build.0 = Debug|x64
		{6CE8E39A-8C36-4A79-AE5C-1E4066CF096D}.Debug|x86.ActiveCfg = Debug|Win32
		{6CE8E39A-8C36-4A79-AE5C-1E4066CF096D}.Debug|x86.Build.0 = Debug|Win32
		{6CE8E39A-8C36-4A79-AE5C-1E4066CF096D}.Profile|x64.ActiveCfg = Debug|x64
		{6CE8E39A-8C36-4A79-AE5C-1E4066CF096D}.Profile|x64.Build.0 = Debug|x64
		{6CE8E39A-8C36-4A79-AE5C-1E4066CF096D}.Profile|x86.ActiveCfg = Debug|Win32
		{6CE8E39A-8C36-4A79-AE5C-1E4066CF096D}.Profile|x86.Build.0 = Debug|Win32
		{6CE8E39A-8C36-4A79-AE5C-1E4066CF096D}.Release|x64.ActiveCfg = Release|x64
		{6CE8E39A-8C36-4A79-AE5C-1E4066CF096D}.Release|x64.Build.0 = Release|x64
		{6CE8E39A-8C36-4A79-AE5C-1E4066CF096D}.Release|x86.ActiveCfg = Release|Win32
		{6CE8E39A-8C36-4A79-AE5C-1E4066CF096D}.Release|x86.Build.0 = Release|Win32
		{5150D9B3-9400-4E94-8807-1B275981C291}.Debug|x64.ActiveCfg = Debug|x64
		{5150D9B3-9400-4E94-8807-1B275981C291}.Debug|x64.Build.0 = Debug|x64
		{5150D9B3-9400-4E94-8807-1B275981C291}.Debug|x86.ActiveCfg = Debug|Win32
		{5150D9B3-9400-4E94-8807-1B275981C291}.Debug|x86.Build.0 = Debug|Win32
		{5150D9B3-9400-4E94-8807-1B275981C291}.Profile|x64.ActiveCfg = Debug|x64
		{5150D9B3-9400-4E94-8807-1B275981C291}.Profile|x64.Build.0 = Debug|x64
		{5150D9B3-9400-4E94-8807-1B275981C291}.Profile|x86.ActiveCfg = Debug|Win32
		{5150D9B3-9400-4E94-8807-1B275981C291}.Profile|x86.Build.0 = Debug|Win32
		{5150D9B3-9400-4E94-8807-1B275981C291}.Release|x64.ActiveCfg = Release|x64
		{5150D9B3-9400-4E94-8807-1B275981C291}.Release|x64.Build.0 = Release|x64
		{5150D9B3-9400-4E94-8807-1B275981C291}.Release|x86.ActiveCfg = Release|Win32
		{5150D9B3-9400-4E94-8807-1B275981C291}.Release|x86.Build.0 = Release|Win32
		{86B956EB-9E20-406A-9F6E-7760B7049FB4}.Debug|x64.ActiveCfg = Debug|x64
		{86B956EB-9E20-406A-9F6E-7760B7049FB4}.Debug|x64.Build.0 = Debug|x64
		{86B956EB-9E20-406A-9F6E-7760B7049FB4}.Debug|x86.ActiveCfg = Debug|Win32
		{86B956EB-9E20-406A-9F6E-7760B7049FB4}.Debug|x86.Build.0 = Debug|Win32
		{86B956EB-9E20-406A-9F6E-7760B7049FB4}.Profile|x64.ActiveCfg = Debug|x64
		{86B956EB-9E20-406A-9F6E-7760B7049FB4}.Profile|x64.Build.0 = Debug|x64
		{86B956EB-9E20-406A-9F6E-7760B7049FB4}.Profile|x86.ActiveCfg = Debug|Win32
		{86B956EB-9E20-406A-9F6E-7760B7049FB4}.Profile|x86.Build.0 = Debug|Win32
		{86B956EB-9E20-406A-9F6E-7760B7049FB4}.Release|x64.ActiveCfg = Release|x64
		{86B956EB-9E20-406A-9F6E-7760B7049FB4}.Release|x64.Build.0 = Release|x64
		{86B956EB-9E20-406A-9F6E-7760B7049FB4}.Release|x86.ActiveCfg = Release|Win32
		{86B956EB-9E20-406A-9F6E-7760B7049FB4}.Release|x86.Build.0 = Release|Win32
		{8C16BE64-CB31-46E0-888C-04638C0ABDFC}.Debug|x64.ActiveCfg = Debug|x64
		{8C16BE64-CB31-46E0-888C-04638C0ABDFC}.Debug|x64.Build.0 = Debug|x64
		{8C16BE64-CB31-46E0-888C-04638C0ABDFC}.Debug|x86.ActiveCfg = Debug|Win32
		{8C16BE64-CB31-46E0-888C-04638C0ABDFC}.Debug|x86.Build.0 = Debug|Win32
		{8C16BE64-CB31-46E0-888C-04638C0ABDFC}.Profile|x64.ActiveCfg = Debug|x64
		{8C16BE64-CB31-46E0-888C-04638C0ABDFC}.Profile|x64.Build.0 = Debug|x64
		{8C16BE64-CB31-46E0-888C-04638C0ABDFC}.Profile|x86.ActiveCfg = Debug|Win32
		{8C16BE64-CB31-46E0-888C-04638C0ABDFC}.Profile|x86.Build.0 = Debug|Win32
		{8C16BE64-CB31-46E0-888C-04638C0ABDFC}.Release|x64.ActiveCfg = Release|x64
		{8C16BE64-CB31-46E0-888C-04638C0ABDFC}.Release|x64.Build.0 = Release|x64
		{8C16BE64-CB31-46E0-888C-04638C0ABDFC}.Release|x86.ActiveCfg = Release|Win32
		{8C16BE64-CB31-46E0-888C-04638C0ABDFC}.Release|x86.Build.0 = Release|Win32
		{3955C88E-B22A-4533-ABCF-43A6F9F6A220}.Debug|x64.ActiveCfg = Debug|x64
		{3955C88E-B22A-4533-ABCF-43A6F9F6A220}.Debug|x64.Build.0 = Debug|x64
		{3955C88E-B22A-4533-ABCF-43A6F9F6A220}.Debug|x86.ActiveCfg = Debug|Win32
		{3955C88E-B22A-4533-ABCF-43A6F9F6A220}.Debug|x86.Build.0 = Debug|Win32
		{3955C88E-B22A-4533-ABCF-43A6F9F6A220}.Profile|x64.ActiveCfg = Debug|x64
		{3955C88E-B22A-4533-ABCF-43A6F9F6A220}.Profile|x64.Build.0 = Debug|x64
		{3955C88E-B22A-4533-ABCF-43A6F9F6A220}.Profile|x86.ActiveCfg = Debug|Win32
		{3955C88E-B22A-4533-ABCF-43A6F9F6A220}.Profile|x86.Build.0 = Debug|Win32
		{3955C88E-B22A-4533-ABCF-43A6F9F6A220}.Release|x64.ActiveCfg = Release|x64
		{3955C88E-B22A-4533-ABCF-43A6F9F6A220}.Release|x64.Build.0 = Release|x64
		{3955C88E-B22A-4533-ABCF-43A6F9F6A220}.Release|x86.ActiveCfg = Release|Win32
		{3955C88E-B22A-4533-ABCF-43A6F9F6A220}.Release|x86.Build.0 = Release|Win32
		{FA3DD44A-81AE-4F4E-AAC4-33B3918E343B}.Debug|x64.ActiveCfg = Debug|x64
		{FA3DD44A-81AE-4F4E-AAC4-33B3918E343B}.Debug|x64.Build.0 = Debug|x64
		{FA3DD44A-81AE-4F4E-AAC4-33B3918E343B}.Debug|x86.ActiveCfg = Debug|Win32
		{FA3DD44A-81AE-4F4E-AAC4-33B3918E343B}.Debug|x86.Build.0 = Debug|Win32
		{FA3DD44A-81AE-4F4E-AAC4-33B3918E343B}.Profile|x64.ActiveCfg = Debug|x64
		{FA3DD44A-81AE-4F4E-AAC4-33B3918E343B}.Profile|x64.Build.0 = Debug|x64
		{FA3DD44A-81AE-4F4E-AAC4-33B3918E343B}.Profile|x86.ActiveCfg = Debug|Win32
		{FA3DD44A-81AE-4F4E-AAC4-33B3918E343B}.Profile|x86.Build.0 = Debug|Win32
		{FA3DD44A-81AE-4F4E-AAC4-33B3918E343B}.Release|x64.ActiveCfg = Release|x64
		{FA3DD44A-81AE-4F4E-AAC4-33B3918E343B}.Release|x64.Build.0 = Release|x64
		{FA3DD44A-81AE-4F4E-AAC4-33B3918E343B}.Release|x86.ActiveCfg = Release|Win32
		{FA3DD44A-81AE-4F4E-AAC4-33B3918E343B}.Release|x86.Build.0 = Release|Win32
		{A6493908-722D-4D5E-ABCA-016D707D26E5}.Debug|x64.ActiveCfg = Debug|x64
		{A6493908-722D-4D5E-ABCA-016D707D26E5}.Debug|x64.Build.0 = Debug|x64
		{A6493908-722D-4D5E-ABCA-016D707D26E5}.Debug|x86.ActiveCfg = Debug|Win32
		{A6493908-722D-4D5E-ABCA-016D707D26E5}.Debug|x86.Build.0 = Debug|Win32
		{A6493908-722D-4D5E-ABCA-016D707D26E5}.Profile|x64.ActiveCfg = Debug|x64
		{A6493908-722D-4D5E-ABCA-016D707D26E5}.Profile|x64.Build.0 = Debug|x64
		{A6493908-722D-4D5E-ABCA-016D707D26E5}.Profile|x86.ActiveCfg = Debug|Win32
		{A6493908-722D-4D5E-ABCA-016D707D26E5}.Profile|x86.Build.0 = Debug|Win32
		{A6493908-722D-4D5E-ABCA-016D707D26E5}.Release|x64.ActiveCfg = Release|x64
		{A6493908-722D-4D5E-ABCA-016D707D26E5}.Release|x64.Build.0 = Release|x64
		{A6493908-722D-4D5E-ABCA-016D707D26E5}.Release|x86.ActiveCfg = Release|Win32
		{A6493908-722D-4D5E-ABCA-016D707D26E5}.Release|x86.Build.0 = Release|Win32
		{044414FA-7DE4-40CC-84E9-B95602AAC63D}.Debug|x64.ActiveCfg = Debug|x64
		{044414FA-7DE4-40CC-84E9-B95602AAC63D}.Debug|x64.Build.0 = Debug|x64
		{044414FA-7DE4-40CC-84E9-B95602AAC63D}.Debug|x86.ActiveCfg = Debug|Win32
		{044414FA-7DE4-40CC-84E9-B95602AAC63D}.Debug|x86.Build.0 = Debug|Win32
		{044414FA-7DE4-40CC-84E9-B95602AAC63D}.Profile|x64.ActiveCfg = Debug|x64
		{044414FA-7DE4-40CC-84E9-B95602AAC63D}.Profile|x64.Build.0 = Debug|x64
		{044414FA-7DE4-40CC-84E9-B95602AAC63D}.Profile|x86.ActiveCfg = Debug|Win32
		{044414FA-7DE4-40CC-84E9-B95602AAC63D}.Profile|x86.Build.0 = Debug|Win32
		{044414FA-7DE4-40CC-84E9-B95602AAC63D}.Release|x64.ActiveCfg = Release|x64
		{044414FA-7DE4-40CC-84E9-B95602AAC63D}.Release|x64.Build.0 = Release|x64
		{044414FA-7DE4-40CC-84E9-B95602AAC63D}.Release|x86.ActiveCfg = Release|Win32
		{044414FA-7DE4-40CC-84E9-B95602AAC63D}.Release|x86.Build.0 = Release|Win32
		{58A2F502-79CC-44C2-A399-3D7C254692E9}.Debug|x64.ActiveCfg = Debug|x64
		{58A2F502-79CC-44C2-A399-3D7C254692E9}.Debug|x64.Build.0 = Debug|x64
		{58A2F502-79CC-44C2-A399-3D7C254692E9}.Debug|x86.ActiveCfg = Debug|Win32
		{58A2F502-79CC-44C2-A399-3D7C254692E9}.Debug|x86.Build.0 = Debug|Win32
		{58A2F502-79CC-44C2-A399-3D7C254692E9}.Profile|x64.ActiveCfg = Debug|x64
		{58A2F502-79CC-44C2-A399-3D7C254692E9}.Profile|x64.Build.0 = Debug|x64
		{58A2F502-79CC-44C2-A399-3D7C254692E9}.Profile|x86.ActiveCfg = Debug|Win32
		{58A2F502-79CC-44C2-A399-3D7C254692E9}.Profile|x86.Build.0 = Debug|Win32
		{58A2F502-79CC-44C2-A399-3D7C254692E9}.Release|x64.ActiveCfg = Release|x64
		{58A2F502-79CC-44C2-A399-3D7C254692E9}.Release|x64.Build.0 = Release|x64
		{58A2F502-79CC-44C2-A399-3D7C254692E9}.Release|x86.ActiveCfg = Release|Win32
		{58A2F502-79CC-44C2-A399-3D7C254692E9}.Release|x86.Build.0 = Release|Win32
		{DE1D4F7E-9B0A-4BB8-B543-B43F5D93079D}.Debug|x64.ActiveCfg = Debug|x64
		{DE1D4F7E-9B0A-4BB8-B543-B43F5D93079D}.Debug|x64.Build.0 = Debug|x64
		{DE1D4F7E-9B0A-4BB8-B543-B43F5D93079D}.Debug|x86.ActiveCfg = Debug|Win32
		{DE1D4F7E-9B0A-4BB8-B543-B43F5D93079D}.Debug|x86.Build.0 = Debug|Win32
		{DE1D4F7E-9B0A-4BB8-B543-B43F5D93079D}.Profile|x64.ActiveCfg = Debug|x64
		{DE1D4F7E-9B0A-4BB8-B543-B43F5D93079D}.Profile|x64.Build.0 = Debug|x64
		{DE1D4F7E-9B0A-4BB8-B543-B43F5D93079D}.Profile|x86.ActiveCfg = Debug|Win32
		{DE1D4F7E-9B0A-4BB8-B543-B43F5D93079D}.Profile|x86.Build.0 = Debug|Win32
		{DE1D4F7E-9B0A-4BB8-B543-B43F5D93079D}.Release|x64.ActiveCfg = Release|x64
		{DE1D4F7E-9B0A-4BB8-B543-B43F5D93079D}.Release|x64.Build.0 = Release|x64
		{DE1D4F7E-9B0A-4BB8-B543-B43F5D93079D}.Release|x86.ActiveCfg = Release|Win32
		{DE1D4F7E-9B0A-4BB8-B543-B43F5D93079D}.Release|x86.Build.0 = Release|Win32
		{38CC2B62-D06B-40EA-8F28-E65A5F53872B}.Debug|x64.ActiveCfg = Debug|x64
		{38CC2B62-D06B-40EA-8F28-E65A5F53872B}.Debug|x64.Build.0 = Debug|x64
		{38CC2B62-D06B-40EA-8F28-E65A5F53872B}.Debug|x86.ActiveCfg = Debug|Win32
		{38CC2B62-D06B-40EA-8F28-E65A5F53872B}.Debug|x86.Build.0 = Debug|Win32
		{38CC2B62-D06B-40EA-8F28-E65A5F53872B}.Profile|x64.ActiveCfg = Debug|x64
		{38CC2B62-D06B-40EA-8F28-E65A5F53872B}.Profile|x64.Build.0 = Debug|x64
		{38CC2B62-D06B-40EA-8F28-E65A5F53872B}.Profile|x86.ActiveCfg = Debug|Win32
		{38CC2B62-D06B-40EA-8F28-E65A5F53872B}.Profile|x86.Build.0 = Debug|Win32
		{38CC2B62-D06B-40EA-8F28-E65A5F53872B}.Release|x64.ActiveCfg = Release|x64
		{38CC2B62-D06B-40EA-8F28-E65A5F53872B}.Release|x64.Build.0 = Release|x64
		{38CC2B62-D06B-40EA-8F28-E65A5F53872B}.Release|x86.ActiveCfg = Release|Win32
		{38CC2B62-D06B-40EA-8F28-E65A5F53872B}.Release|x86.Build.0 = Release|Win32
	EndGlobalSection
	GlobalSection(SolutionProperties) = preSolution
		HideSolutionNode = FALSE
	EndGlobalSection
	GlobalSection(NestedProjects) = preSolution
		{BF065FDD-5F11-467A-BB5F-F120C0EAFA0F} = {371010D8-6807-48A9-96E1-CAB7949C254F}
		{2916B830-9ADE-4628-8B34-F753B75E80D7} = {7E58F52B-BE4B-45C7-8B13-3EB108826A22}
		{BA027BC1-41E6-4295-84FB-D75C327214C2} = {7E58F52B-BE4B-45C7-8B13-3EB108826A22}
		{BE43916A-1588-4CE8-93B8-EEB0FD08A4D0} = {7E58F52B-BE4B-45C7-8B13-3EB108826A22}
		{B21CB5AA-E902-48CF-AE63-214ED3E1F4B7} = {7E58F52B-BE4B-45C7-8B13-3EB108826A22}
		{6CE8E39A-8C36-4A79-AE5C-1E4066CF096D} = {7E58F52B-BE4B-45C7-8B13-3EB108826A22}
		{5150D9B3-9400-4E94-8807-1B275981C291} = {7E58F52B-BE4B-45C7-8B13-3EB108826A22}
		{86B956EB-9E20-406A-9F6E-7760B7049FB4} = {86A8690C-A512-47DE-817D-0C45DF5450E2}
		{8C16BE64-CB31-46E0-888C-04638C0ABDFC} = {86A8690C-A512-47DE-817D-0C45DF5450E2}
		{3955C88E-B22A-4533-ABCF-43A6F9F6A220} = {86A8690C-A512-47DE-817D-0C45DF5450E2}
		{FA3DD44A-81AE-4F4E-AAC4-33B3918E343B} = {86A8690C-A512-47DE-817D-0C45DF5450E2}
		{A6493908-722D-4D5E-ABCA-016D707D26E5} = {86A8690C-A512-47DE-817D-0C45DF5450E2}
		{044414FA-7DE4-40CC-84E9-B95602AAC63D} = {BF065FDD-5F11-467A-BB5F-F120C0EAFA0F}
		{58A2F502-79CC-44C2-A399-3D7C254692E9} = {371010D8-6807-48A9-96E1-CAB7949C254F}
		{DE1D4F7E-9B0A-4BB8-B543-B43F5D93079D} = {371010D8-6807-48A9-96E1-CAB7949C254F}
		{38CC2B62-D06B-40EA-8F28-E65A5F53872B} = {371010D8-6807-48A9-96E1-CAB7949C254F}
	EndGlobalSection
	GlobalSection(ExtensibilityGlobals) = postSolution
		SolutionGuid = {0717C97A-DEDC-4C9E-B8AD-006488DB893D}
	EndGlobalSection
EndGlobal
